// !$*UTF8*$!
{
	archiveVersion = 1;
	classes = {
	};
	objectVersion = 70;
	objects = {

/* Begin PBXAggregateTarget section */
		34CF3140294C3A7700094BD4 /* All */ = {
			isa = PBXAggregateTarget;
			buildConfigurationList = 34CF3141294C3A7700094BD4 /* Build configuration list for PBXAggregateTarget "All" */;
			buildPhases = (
			);
			dependencies = (
			);
			name = All;
			productName = All;
		};
/* End PBXAggregateTarget section */

/* Begin PBXBuildFile section */
		3437343A2B19A427004CD750 /* main.swift in Sources */ = {isa = PBXBuildFile; fileRef = 343734392B19A427004CD750 /* main.swift */; };
		3437343F2B19A496004CD750 /* Input.swift in Sources */ = {isa = PBXBuildFile; fileRef = 34072D902932F6C80030EB66 /* Input.swift */; };
		343734822B1FE460004CD750 /* UtilityTests.swift in Sources */ = {isa = PBXBuildFile; fileRef = 343734812B1FE460004CD750 /* UtilityTests.swift */; };
		343734862B1FE468004CD750 /* Range.swift in Sources */ = {isa = PBXBuildFile; fileRef = 343734792B1FE342004CD750 /* Range.swift */; };
		343734882B1FE47F004CD750 /* RangeTests.swift in Sources */ = {isa = PBXBuildFile; fileRef = 343734872B1FE47F004CD750 /* RangeTests.swift */; };
		348204EF2CFED52100BCDB3E /* Input.swift in Sources */ = {isa = PBXBuildFile; fileRef = 34072D902932F6C80030EB66 /* Input.swift */; };
		3482055B2D00117400BCDB3E /* Input.swift in Sources */ = {isa = PBXBuildFile; fileRef = 34072D902932F6C80030EB66 /* Input.swift */; };
		3482056C2D001A1100BCDB3E /* GridMap.swift in Sources */ = {isa = PBXBuildFile; fileRef = 34CF30D42947040400094BD4 /* GridMap.swift */; };
		3482056D2D001A1B00BCDB3E /* Location2D.swift in Sources */ = {isa = PBXBuildFile; fileRef = 34CF30D12947025300094BD4 /* Location2D.swift */; };
		3482056E2D001A7800BCDB3E /* Bounds2D.swift in Sources */ = {isa = PBXBuildFile; fileRef = 34CF3165294C3E6D00094BD4 /* Bounds2D.swift */; };
		3482056F2D001D4E00BCDB3E /* RGB.swift in Sources */ = {isa = PBXBuildFile; fileRef = 34CF3160294C3AD500094BD4 /* RGB.swift */; };
		348205A62D0168C100BCDB3E /* Input.swift in Sources */ = {isa = PBXBuildFile; fileRef = 34072D902932F6C80030EB66 /* Input.swift */; };
		348205B72D02BA6800BCDB3E /* Input.swift in Sources */ = {isa = PBXBuildFile; fileRef = 34072D902932F6C80030EB66 /* Input.swift */; };
		348205B82D02BCE200BCDB3E /* GridMap.swift in Sources */ = {isa = PBXBuildFile; fileRef = 34CF30D42947040400094BD4 /* GridMap.swift */; };
		348205B92D02BCE200BCDB3E /* Bounds2D.swift in Sources */ = {isa = PBXBuildFile; fileRef = 34CF3165294C3E6D00094BD4 /* Bounds2D.swift */; };
		348205BA2D02BCE200BCDB3E /* RGB.swift in Sources */ = {isa = PBXBuildFile; fileRef = 34CF3160294C3AD500094BD4 /* RGB.swift */; };
		348205BB2D02BCE200BCDB3E /* Location2D.swift in Sources */ = {isa = PBXBuildFile; fileRef = 34CF30D12947025300094BD4 /* Location2D.swift */; };
		348205C92D04054500BCDB3E /* Input.swift in Sources */ = {isa = PBXBuildFile; fileRef = 34072D902932F6C80030EB66 /* Input.swift */; };
		348205DA2D052D2E00BCDB3E /* Input.swift in Sources */ = {isa = PBXBuildFile; fileRef = 34072D902932F6C80030EB66 /* Input.swift */; };
		348205DB2D05604D00BCDB3E /* Location2D.swift in Sources */ = {isa = PBXBuildFile; fileRef = 34CF30D12947025300094BD4 /* Location2D.swift */; };
		348205DC2D05604D00BCDB3E /* GridMap.swift in Sources */ = {isa = PBXBuildFile; fileRef = 34CF30D42947040400094BD4 /* GridMap.swift */; };
		348205DD2D05604D00BCDB3E /* RGB.swift in Sources */ = {isa = PBXBuildFile; fileRef = 34CF3160294C3AD500094BD4 /* RGB.swift */; };
		348205DE2D05604D00BCDB3E /* Bounds2D.swift in Sources */ = {isa = PBXBuildFile; fileRef = 34CF3165294C3E6D00094BD4 /* Bounds2D.swift */; };
		348205EA2D06842100BCDB3E /* Input.swift in Sources */ = {isa = PBXBuildFile; fileRef = 34072D902932F6C80030EB66 /* Input.swift */; };
		34D34B802CFD66AB00BD4DFA /* Input.swift in Sources */ = {isa = PBXBuildFile; fileRef = 34072D902932F6C80030EB66 /* Input.swift */; };
/* End PBXBuildFile section */

/* Begin PBXCopyFilesBuildPhase section */
		343734352B19A427004CD750 /* CopyFiles */ = {
			isa = PBXCopyFilesBuildPhase;
			buildActionMask = 2147483647;
			dstPath = /usr/share/man/man1/;
			dstSubfolderSpec = 0;
			files = (
			);
			runOnlyForDeploymentPostprocessing = 1;
		};
		348204E12CFEAE6100BCDB3E /* CopyFiles */ = {
			isa = PBXCopyFilesBuildPhase;
			buildActionMask = 2147483647;
			dstPath = /usr/share/man/man1/;
			dstSubfolderSpec = 0;
			files = (
			);
			runOnlyForDeploymentPostprocessing = 1;
		};
		348205522D00116C00BCDB3E /* CopyFiles */ = {
			isa = PBXCopyFilesBuildPhase;
			buildActionMask = 2147483647;
			dstPath = /usr/share/man/man1/;
			dstSubfolderSpec = 0;
			files = (
			);
			runOnlyForDeploymentPostprocessing = 1;
		};
		3482059B2D0168B100BCDB3E /* CopyFiles */ = {
			isa = PBXCopyFilesBuildPhase;
			buildActionMask = 2147483647;
			dstPath = /usr/share/man/man1/;
			dstSubfolderSpec = 0;
			files = (
			);
			runOnlyForDeploymentPostprocessing = 1;
		};
		348205AC2D02BA5100BCDB3E /* CopyFiles */ = {
			isa = PBXCopyFilesBuildPhase;
			buildActionMask = 2147483647;
			dstPath = /usr/share/man/man1/;
			dstSubfolderSpec = 0;
			files = (
			);
			runOnlyForDeploymentPostprocessing = 1;
		};
		348205C02D04053A00BCDB3E /* CopyFiles */ = {
			isa = PBXCopyFilesBuildPhase;
			buildActionMask = 2147483647;
			dstPath = /usr/share/man/man1/;
			dstSubfolderSpec = 0;
			files = (
			);
			runOnlyForDeploymentPostprocessing = 1;
		};
		348205CF2D052D1500BCDB3E /* CopyFiles */ = {
			isa = PBXCopyFilesBuildPhase;
			buildActionMask = 2147483647;
			dstPath = /usr/share/man/man1/;
			dstSubfolderSpec = 0;
			files = (
			);
			runOnlyForDeploymentPostprocessing = 1;
		};
		348205E12D06841900BCDB3E /* CopyFiles */ = {
			isa = PBXCopyFilesBuildPhase;
			buildActionMask = 2147483647;
			dstPath = /usr/share/man/man1/;
			dstSubfolderSpec = 0;
			files = (
			);
			runOnlyForDeploymentPostprocessing = 1;
		};
		34D34B762CFD665500BD4DFA /* CopyFiles */ = {
			isa = PBXCopyFilesBuildPhase;
			buildActionMask = 2147483647;
			dstPath = /usr/share/man/man1/;
			dstSubfolderSpec = 0;
			files = (
			);
			runOnlyForDeploymentPostprocessing = 1;
		};
/* End PBXCopyFilesBuildPhase section */

/* Begin PBXFileReference section */
		34072D902932F6C80030EB66 /* Input.swift */ = {isa = PBXFileReference; lastKnownFileType = sourcecode.swift; path = Input.swift; sourceTree = "<group>"; };
		343734372B19A427004CD750 /* day1 */ = {isa = PBXFileReference; explicitFileType = "compiled.mach-o.executable"; includeInIndex = 0; path = day1; sourceTree = BUILT_PRODUCTS_DIR; };
		343734392B19A427004CD750 /* main.swift */ = {isa = PBXFileReference; lastKnownFileType = sourcecode.swift; path = main.swift; sourceTree = "<group>"; };
		3437343E2B19A479004CD750 /* input.txt */ = {isa = PBXFileReference; lastKnownFileType = text; path = input.txt; sourceTree = "<group>"; };
		343734772B1FDF65004CD750 /* RandomAccessCollection.swift */ = {isa = PBXFileReference; lastKnownFileType = sourcecode.swift; path = RandomAccessCollection.swift; sourceTree = "<group>"; };
		343734792B1FE342004CD750 /* Range.swift */ = {isa = PBXFileReference; lastKnownFileType = sourcecode.swift; path = Range.swift; sourceTree = "<group>"; };
		3437347F2B1FE460004CD750 /* UtilityTests.xctest */ = {isa = PBXFileReference; explicitFileType = wrapper.cfbundle; includeInIndex = 0; path = UtilityTests.xctest; sourceTree = BUILT_PRODUCTS_DIR; };
		343734812B1FE460004CD750 /* UtilityTests.swift */ = {isa = PBXFileReference; lastKnownFileType = sourcecode.swift; path = UtilityTests.swift; sourceTree = "<group>"; };
		343734872B1FE47F004CD750 /* RangeTests.swift */ = {isa = PBXFileReference; lastKnownFileType = sourcecode.swift; path = RangeTests.swift; sourceTree = "<group>"; };
		348204E32CFEAE6100BCDB3E /* day3 */ = {isa = PBXFileReference; explicitFileType = "compiled.mach-o.executable"; includeInIndex = 0; path = day3; sourceTree = BUILT_PRODUCTS_DIR; };
		348205542D00116C00BCDB3E /* day4 */ = {isa = PBXFileReference; explicitFileType = "compiled.mach-o.executable"; includeInIndex = 0; path = day4; sourceTree = BUILT_PRODUCTS_DIR; };
		3482059D2D0168B100BCDB3E /* day5 */ = {isa = PBXFileReference; explicitFileType = "compiled.mach-o.executable"; includeInIndex = 0; path = day5; sourceTree = BUILT_PRODUCTS_DIR; };
		348205AE2D02BA5100BCDB3E /* day6 */ = {isa = PBXFileReference; explicitFileType = "compiled.mach-o.executable"; includeInIndex = 0; path = day6; sourceTree = BUILT_PRODUCTS_DIR; };
		348205BC2D03CDD100BCDB3E /* Dijkstra.swift */ = {isa = PBXFileReference; lastKnownFileType = sourcecode.swift; path = Dijkstra.swift; sourceTree = "<group>"; };
		348205BD2D03CDD100BCDB3E /* Heap.swift */ = {isa = PBXFileReference; lastKnownFileType = sourcecode.swift; path = Heap.swift; sourceTree = "<group>"; };
		348205C22D04053A00BCDB3E /* day7 */ = {isa = PBXFileReference; explicitFileType = "compiled.mach-o.executable"; includeInIndex = 0; path = day7; sourceTree = BUILT_PRODUCTS_DIR; };
		348205D12D052D1500BCDB3E /* day8 */ = {isa = PBXFileReference; explicitFileType = "compiled.mach-o.executable"; includeInIndex = 0; path = day8; sourceTree = BUILT_PRODUCTS_DIR; };
		348205E32D06841900BCDB3E /* day9 */ = {isa = PBXFileReference; explicitFileType = "compiled.mach-o.executable"; includeInIndex = 0; path = day9; sourceTree = BUILT_PRODUCTS_DIR; };
		3486BC392B30141E004C3B0B /* MinMaxHeap.swift */ = {isa = PBXFileReference; fileEncoding = 4; lastKnownFileType = sourcecode.swift; path = MinMaxHeap.swift; sourceTree = "<group>"; };
		34CF30D12947025300094BD4 /* Location2D.swift */ = {isa = PBXFileReference; lastKnownFileType = sourcecode.swift; path = Location2D.swift; sourceTree = "<group>"; };
		34CF30D42947040400094BD4 /* GridMap.swift */ = {isa = PBXFileReference; lastKnownFileType = sourcecode.swift; path = GridMap.swift; sourceTree = "<group>"; };
		34CF3160294C3AD500094BD4 /* RGB.swift */ = {isa = PBXFileReference; lastKnownFileType = sourcecode.swift; path = RGB.swift; sourceTree = "<group>"; };
		34CF3163294C3CAF00094BD4 /* HashMap2D.swift */ = {isa = PBXFileReference; lastKnownFileType = sourcecode.swift; path = HashMap2D.swift; sourceTree = "<group>"; };
		34CF3165294C3E6D00094BD4 /* Bounds2D.swift */ = {isa = PBXFileReference; lastKnownFileType = sourcecode.swift; path = Bounds2D.swift; sourceTree = "<group>"; };
		34CF31AA2955857C00094BD4 /* HashMap3D.swift */ = {isa = PBXFileReference; lastKnownFileType = sourcecode.swift; path = HashMap3D.swift; sourceTree = "<group>"; };
		34CF31AC2955858600094BD4 /* Location3D.swift */ = {isa = PBXFileReference; lastKnownFileType = sourcecode.swift; path = Location3D.swift; sourceTree = "<group>"; };
		34CF31AE2955858D00094BD4 /* Bounds3D.swift */ = {isa = PBXFileReference; lastKnownFileType = sourcecode.swift; path = Bounds3D.swift; sourceTree = "<group>"; };
		34D34B782CFD665500BD4DFA /* day2 */ = {isa = PBXFileReference; explicitFileType = "compiled.mach-o.executable"; includeInIndex = 0; path = day2; sourceTree = BUILT_PRODUCTS_DIR; };
/* End PBXFileReference section */

/* Begin PBXFileSystemSynchronizedRootGroup section */
		348204E42CFEAE6100BCDB3E /* day3 */ = {isa = PBXFileSystemSynchronizedRootGroup; explicitFileTypes = {}; explicitFolders = (); path = day3; sourceTree = "<group>"; };
		348205552D00116C00BCDB3E /* day4 */ = {isa = PBXFileSystemSynchronizedRootGroup; explicitFileTypes = {}; explicitFolders = (); path = day4; sourceTree = "<group>"; };
		3482059E2D0168B100BCDB3E /* day5 */ = {isa = PBXFileSystemSynchronizedRootGroup; explicitFileTypes = {}; explicitFolders = (); path = day5; sourceTree = "<group>"; };
		348205AF2D02BA5100BCDB3E /* day6 */ = {isa = PBXFileSystemSynchronizedRootGroup; explicitFileTypes = {}; explicitFolders = (); path = day6; sourceTree = "<group>"; };
		348205C32D04053A00BCDB3E /* day7 */ = {isa = PBXFileSystemSynchronizedRootGroup; explicitFileTypes = {}; explicitFolders = (); path = day7; sourceTree = "<group>"; };
		348205D22D052D1500BCDB3E /* day8 */ = {isa = PBXFileSystemSynchronizedRootGroup; explicitFileTypes = {}; explicitFolders = (); path = day8; sourceTree = "<group>"; };
		348205E42D06841900BCDB3E /* day9 */ = {isa = PBXFileSystemSynchronizedRootGroup; explicitFileTypes = {}; explicitFolders = (); path = day9; sourceTree = "<group>"; };
		34D34B792CFD665500BD4DFA /* day2 */ = {isa = PBXFileSystemSynchronizedRootGroup; explicitFileTypes = {}; explicitFolders = (); path = day2; sourceTree = "<group>"; };
/* End PBXFileSystemSynchronizedRootGroup section */

/* Begin PBXFrameworksBuildPhase section */
		343734342B19A427004CD750 /* Frameworks */ = {
			isa = PBXFrameworksBuildPhase;
			buildActionMask = 2147483647;
			files = (
			);
			runOnlyForDeploymentPostprocessing = 0;
		};
		3437347C2B1FE460004CD750 /* Frameworks */ = {
			isa = PBXFrameworksBuildPhase;
			buildActionMask = 2147483647;
			files = (
			);
			runOnlyForDeploymentPostprocessing = 0;
		};
		348204E02CFEAE6100BCDB3E /* Frameworks */ = {
			isa = PBXFrameworksBuildPhase;
			buildActionMask = 2147483647;
			files = (
			);
			runOnlyForDeploymentPostprocessing = 0;
		};
		348205512D00116C00BCDB3E /* Frameworks */ = {
			isa = PBXFrameworksBuildPhase;
			buildActionMask = 2147483647;
			files = (
			);
			runOnlyForDeploymentPostprocessing = 0;
		};
		3482059A2D0168B100BCDB3E /* Frameworks */ = {
			isa = PBXFrameworksBuildPhase;
			buildActionMask = 2147483647;
			files = (
			);
			runOnlyForDeploymentPostprocessing = 0;
		};
		348205AB2D02BA5100BCDB3E /* Frameworks */ = {
			isa = PBXFrameworksBuildPhase;
			buildActionMask = 2147483647;
			files = (
			);
			runOnlyForDeploymentPostprocessing = 0;
		};
		348205BF2D04053A00BCDB3E /* Frameworks */ = {
			isa = PBXFrameworksBuildPhase;
			buildActionMask = 2147483647;
			files = (
			);
			runOnlyForDeploymentPostprocessing = 0;
		};
		348205CE2D052D1500BCDB3E /* Frameworks */ = {
			isa = PBXFrameworksBuildPhase;
			buildActionMask = 2147483647;
			files = (
			);
			runOnlyForDeploymentPostprocessing = 0;
		};
		348205E02D06841900BCDB3E /* Frameworks */ = {
			isa = PBXFrameworksBuildPhase;
			buildActionMask = 2147483647;
			files = (
			);
			runOnlyForDeploymentPostprocessing = 0;
		};
		34D34B752CFD665500BD4DFA /* Frameworks */ = {
			isa = PBXFrameworksBuildPhase;
			buildActionMask = 2147483647;
			files = (
			);
			runOnlyForDeploymentPostprocessing = 0;
		};
/* End PBXFrameworksBuildPhase section */

/* Begin PBXGroup section */
		34072D7129319D800030EB66 = {
			isa = PBXGroup;
			children = (
				34072D8F2932F6970030EB66 /* Utilities */,
				343734382B19A427004CD750 /* day1 */,
				34D34B792CFD665500BD4DFA /* day2 */,
				348204E42CFEAE6100BCDB3E /* day3 */,
				348205552D00116C00BCDB3E /* day4 */,
				3482059E2D0168B100BCDB3E /* day5 */,
				348205AF2D02BA5100BCDB3E /* day6 */,
				348205C32D04053A00BCDB3E /* day7 */,
				348205D22D052D1500BCDB3E /* day8 */,
				348205E42D06841900BCDB3E /* day9 */,
				34072D7B29319D800030EB66 /* Products */,
			);
			sourceTree = "<group>";
		};
		34072D7B29319D800030EB66 /* Products */ = {
			isa = PBXGroup;
			children = (
				343734372B19A427004CD750 /* day1 */,
				3437347F2B1FE460004CD750 /* UtilityTests.xctest */,
				34D34B782CFD665500BD4DFA /* day2 */,
				348204E32CFEAE6100BCDB3E /* day3 */,
				348205542D00116C00BCDB3E /* day4 */,
				3482059D2D0168B100BCDB3E /* day5 */,
				348205AE2D02BA5100BCDB3E /* day6 */,
				348205C22D04053A00BCDB3E /* day7 */,
				348205D12D052D1500BCDB3E /* day8 */,
				348205E32D06841900BCDB3E /* day9 */,
			);
			name = Products;
			sourceTree = "<group>";
		};
		34072D8F2932F6970030EB66 /* Utilities */ = {
			isa = PBXGroup;
			children = (
				34072D902932F6C80030EB66 /* Input.swift */,
				34CF30D42947040400094BD4 /* GridMap.swift */,
				34CF30D12947025300094BD4 /* Location2D.swift */,
				34CF3165294C3E6D00094BD4 /* Bounds2D.swift */,
				34CF3163294C3CAF00094BD4 /* HashMap2D.swift */,
				34CF31AC2955858600094BD4 /* Location3D.swift */,
				34CF31AE2955858D00094BD4 /* Bounds3D.swift */,
				34CF31AA2955857C00094BD4 /* HashMap3D.swift */,
				34CF3160294C3AD500094BD4 /* RGB.swift */,
				343734772B1FDF65004CD750 /* RandomAccessCollection.swift */,
				343734792B1FE342004CD750 /* Range.swift */,
				3486BC392B30141E004C3B0B /* MinMaxHeap.swift */,
				348205BD2D03CDD100BCDB3E /* Heap.swift */,
				348205BC2D03CDD100BCDB3E /* Dijkstra.swift */,
				343734802B1FE460004CD750 /* UtilityTests */,
			);
			name = Utilities;
			path = ../Utilities;
			sourceTree = "<group>";
		};
		343734382B19A427004CD750 /* day1 */ = {
			isa = PBXGroup;
			children = (
				343734392B19A427004CD750 /* main.swift */,
				3437343E2B19A479004CD750 /* input.txt */,
			);
			path = day1;
			sourceTree = "<group>";
		};
		343734802B1FE460004CD750 /* UtilityTests */ = {
			isa = PBXGroup;
			children = (
				343734812B1FE460004CD750 /* UtilityTests.swift */,
				343734872B1FE47F004CD750 /* RangeTests.swift */,
			);
			path = UtilityTests;
			sourceTree = "<group>";
		};
/* End PBXGroup section */

/* Begin PBXNativeTarget section */
		343734362B19A427004CD750 /* day1 */ = {
			isa = PBXNativeTarget;
			buildConfigurationList = 3437343B2B19A427004CD750 /* Build configuration list for PBXNativeTarget "day1" */;
			buildPhases = (
				343734332B19A427004CD750 /* Sources */,
				343734342B19A427004CD750 /* Frameworks */,
				343734352B19A427004CD750 /* CopyFiles */,
			);
			buildRules = (
			);
			dependencies = (
			);
			name = day1;
			productName = day1;
			productReference = 343734372B19A427004CD750 /* day1 */;
			productType = "com.apple.product-type.tool";
		};
		3437347E2B1FE460004CD750 /* UtilityTests */ = {
			isa = PBXNativeTarget;
			buildConfigurationList = 343734832B1FE460004CD750 /* Build configuration list for PBXNativeTarget "UtilityTests" */;
			buildPhases = (
				3437347B2B1FE460004CD750 /* Sources */,
				3437347C2B1FE460004CD750 /* Frameworks */,
				3437347D2B1FE460004CD750 /* Resources */,
			);
			buildRules = (
			);
			dependencies = (
			);
			name = UtilityTests;
			productName = UtilityTests;
			productReference = 3437347F2B1FE460004CD750 /* UtilityTests.xctest */;
			productType = "com.apple.product-type.bundle.unit-test";
		};
		348204E22CFEAE6100BCDB3E /* day3 */ = {
			isa = PBXNativeTarget;
			buildConfigurationList = 348204E92CFEAE6100BCDB3E /* Build configuration list for PBXNativeTarget "day3" */;
			buildPhases = (
				348204DF2CFEAE6100BCDB3E /* Sources */,
				348204E02CFEAE6100BCDB3E /* Frameworks */,
				348204E12CFEAE6100BCDB3E /* CopyFiles */,
			);
			buildRules = (
			);
			dependencies = (
			);
			fileSystemSynchronizedGroups = (
				348204E42CFEAE6100BCDB3E /* day3 */,
			);
			name = day3;
			packageProductDependencies = (
			);
			productName = day3;
			productReference = 348204E32CFEAE6100BCDB3E /* day3 */;
			productType = "com.apple.product-type.tool";
		};
		348205532D00116C00BCDB3E /* day4 */ = {
			isa = PBXNativeTarget;
			buildConfigurationList = 3482055A2D00116C00BCDB3E /* Build configuration list for PBXNativeTarget "day4" */;
			buildPhases = (
				348205502D00116C00BCDB3E /* Sources */,
				348205512D00116C00BCDB3E /* Frameworks */,
				348205522D00116C00BCDB3E /* CopyFiles */,
			);
			buildRules = (
			);
			dependencies = (
			);
			fileSystemSynchronizedGroups = (
				348205552D00116C00BCDB3E /* day4 */,
			);
			name = day4;
			packageProductDependencies = (
			);
			productName = day4;
			productReference = 348205542D00116C00BCDB3E /* day4 */;
			productType = "com.apple.product-type.tool";
		};
		3482059C2D0168B100BCDB3E /* day5 */ = {
			isa = PBXNativeTarget;
			buildConfigurationList = 348205A12D0168B100BCDB3E /* Build configuration list for PBXNativeTarget "day5" */;
			buildPhases = (
				348205992D0168B100BCDB3E /* Sources */,
				3482059A2D0168B100BCDB3E /* Frameworks */,
				3482059B2D0168B100BCDB3E /* CopyFiles */,
			);
			buildRules = (
			);
			dependencies = (
			);
			fileSystemSynchronizedGroups = (
				3482059E2D0168B100BCDB3E /* day5 */,
			);
			name = day5;
			packageProductDependencies = (
			);
			productName = day5;
			productReference = 3482059D2D0168B100BCDB3E /* day5 */;
			productType = "com.apple.product-type.tool";
		};
		348205AD2D02BA5100BCDB3E /* day6 */ = {
			isa = PBXNativeTarget;
			buildConfigurationList = 348205B22D02BA5100BCDB3E /* Build configuration list for PBXNativeTarget "day6" */;
			buildPhases = (
				348205AA2D02BA5100BCDB3E /* Sources */,
				348205AB2D02BA5100BCDB3E /* Frameworks */,
				348205AC2D02BA5100BCDB3E /* CopyFiles */,
			);
			buildRules = (
			);
			dependencies = (
			);
			fileSystemSynchronizedGroups = (
				348205AF2D02BA5100BCDB3E /* day6 */,
			);
			name = day6;
			packageProductDependencies = (
			);
			productName = day6;
			productReference = 348205AE2D02BA5100BCDB3E /* day6 */;
			productType = "com.apple.product-type.tool";
		};
		348205C12D04053A00BCDB3E /* day7 */ = {
			isa = PBXNativeTarget;
			buildConfigurationList = 348205C62D04053A00BCDB3E /* Build configuration list for PBXNativeTarget "day7" */;
			buildPhases = (
				348205BE2D04053A00BCDB3E /* Sources */,
				348205BF2D04053A00BCDB3E /* Frameworks */,
				348205C02D04053A00BCDB3E /* CopyFiles */,
			);
			buildRules = (
			);
			dependencies = (
			);
			fileSystemSynchronizedGroups = (
				348205C32D04053A00BCDB3E /* day7 */,
			);
			name = day7;
			packageProductDependencies = (
			);
			productName = day7;
			productReference = 348205C22D04053A00BCDB3E /* day7 */;
			productType = "com.apple.product-type.tool";
		};
		348205D02D052D1500BCDB3E /* day8 */ = {
			isa = PBXNativeTarget;
			buildConfigurationList = 348205D52D052D1500BCDB3E /* Build configuration list for PBXNativeTarget "day8" */;
			buildPhases = (
				348205CD2D052D1500BCDB3E /* Sources */,
				348205CE2D052D1500BCDB3E /* Frameworks */,
				348205CF2D052D1500BCDB3E /* CopyFiles */,
			);
			buildRules = (
			);
			dependencies = (
			);
			fileSystemSynchronizedGroups = (
				348205D22D052D1500BCDB3E /* day8 */,
			);
			name = day8;
			packageProductDependencies = (
			);
			productName = day8;
			productReference = 348205D12D052D1500BCDB3E /* day8 */;
			productType = "com.apple.product-type.tool";
		};
		348205E22D06841900BCDB3E /* day9 */ = {
			isa = PBXNativeTarget;
			buildConfigurationList = 348205E72D06841900BCDB3E /* Build configuration list for PBXNativeTarget "day9" */;
			buildPhases = (
				348205DF2D06841900BCDB3E /* Sources */,
				348205E02D06841900BCDB3E /* Frameworks */,
				348205E12D06841900BCDB3E /* CopyFiles */,
			);
			buildRules = (
			);
			dependencies = (
			);
			fileSystemSynchronizedGroups = (
				348205E42D06841900BCDB3E /* day9 */,
			);
			name = day9;
			packageProductDependencies = (
			);
			productName = day9;
			productReference = 348205E32D06841900BCDB3E /* day9 */;
			productType = "com.apple.product-type.tool";
		};
		34D34B772CFD665500BD4DFA /* day2 */ = {
			isa = PBXNativeTarget;
			buildConfigurationList = 34D34B7E2CFD665500BD4DFA /* Build configuration list for PBXNativeTarget "day2" */;
			buildPhases = (
				34D34B742CFD665500BD4DFA /* Sources */,
				34D34B752CFD665500BD4DFA /* Frameworks */,
				34D34B762CFD665500BD4DFA /* CopyFiles */,
			);
			buildRules = (
			);
			dependencies = (
			);
			fileSystemSynchronizedGroups = (
				34D34B792CFD665500BD4DFA /* day2 */,
			);
			name = day2;
			packageProductDependencies = (
			);
			productName = day2;
			productReference = 34D34B782CFD665500BD4DFA /* day2 */;
			productType = "com.apple.product-type.tool";
		};
/* End PBXNativeTarget section */

/* Begin PBXProject section */
		34072D7229319D800030EB66 /* Project object */ = {
			isa = PBXProject;
			attributes = {
				BuildIndependentTargetsInParallel = 1;
				LastSwiftUpdateCheck = 1610;
				LastUpgradeCheck = 1610;
				TargetAttributes = {
					343734362B19A427004CD750 = {
						CreatedOnToolsVersion = 15.0;
					};
					3437347E2B1FE460004CD750 = {
						CreatedOnToolsVersion = 15.0;
					};
					348204E22CFEAE6100BCDB3E = {
						CreatedOnToolsVersion = 16.1;
					};
					348205532D00116C00BCDB3E = {
						CreatedOnToolsVersion = 16.1;
					};
					3482059C2D0168B100BCDB3E = {
						CreatedOnToolsVersion = 16.1;
					};
					348205AD2D02BA5100BCDB3E = {
						CreatedOnToolsVersion = 16.1;
					};
					348205C12D04053A00BCDB3E = {
						CreatedOnToolsVersion = 16.1;
					};
					348205D02D052D1500BCDB3E = {
						CreatedOnToolsVersion = 16.1;
					};
					348205E22D06841900BCDB3E = {
						CreatedOnToolsVersion = 16.1;
					};
					34CF3140294C3A7700094BD4 = {
						CreatedOnToolsVersion = 14.2;
					};
					34D34B772CFD665500BD4DFA = {
						CreatedOnToolsVersion = 16.1;
					};
				};
			};
			buildConfigurationList = 34072D7529319D800030EB66 /* Build configuration list for PBXProject "AdventOfCode-2024" */;
			compatibilityVersion = "Xcode 14.0";
			developmentRegion = en;
			hasScannedForEncodings = 0;
			knownRegions = (
				en,
				Base,
			);
			mainGroup = 34072D7129319D800030EB66;
			packageReferences = (
				34CF3182295070CD00094BD4 /* XCRemoteSwiftPackageReference "swift-algorithms" */,
			);
			productRefGroup = 34072D7B29319D800030EB66 /* Products */;
			projectDirPath = "";
			projectRoot = "";
			targets = (
				34CF3140294C3A7700094BD4 /* All */,
				3437347E2B1FE460004CD750 /* UtilityTests */,
				343734362B19A427004CD750 /* day1 */,
				34D34B772CFD665500BD4DFA /* day2 */,
				348204E22CFEAE6100BCDB3E /* day3 */,
				348205532D00116C00BCDB3E /* day4 */,
				3482059C2D0168B100BCDB3E /* day5 */,
				348205AD2D02BA5100BCDB3E /* day6 */,
				348205C12D04053A00BCDB3E /* day7 */,
				348205D02D052D1500BCDB3E /* day8 */,
				348205E22D06841900BCDB3E /* day9 */,
			);
		};
/* End PBXProject section */

/* Begin PBXResourcesBuildPhase section */
		3437347D2B1FE460004CD750 /* Resources */ = {
			isa = PBXResourcesBuildPhase;
			buildActionMask = 2147483647;
			files = (
			);
			runOnlyForDeploymentPostprocessing = 0;
		};
/* End PBXResourcesBuildPhase section */

/* Begin PBXSourcesBuildPhase section */
		343734332B19A427004CD750 /* Sources */ = {
			isa = PBXSourcesBuildPhase;
			buildActionMask = 2147483647;
			files = (
				3437343F2B19A496004CD750 /* Input.swift in Sources */,
				3437343A2B19A427004CD750 /* main.swift in Sources */,
			);
			runOnlyForDeploymentPostprocessing = 0;
		};
		3437347B2B1FE460004CD750 /* Sources */ = {
			isa = PBXSourcesBuildPhase;
			buildActionMask = 2147483647;
			files = (
				343734882B1FE47F004CD750 /* RangeTests.swift in Sources */,
				343734822B1FE460004CD750 /* UtilityTests.swift in Sources */,
				343734862B1FE468004CD750 /* Range.swift in Sources */,
			);
			runOnlyForDeploymentPostprocessing = 0;
		};
		348204DF2CFEAE6100BCDB3E /* Sources */ = {
			isa = PBXSourcesBuildPhase;
			buildActionMask = 2147483647;
			files = (
				348204EF2CFED52100BCDB3E /* Input.swift in Sources */,
			);
			runOnlyForDeploymentPostprocessing = 0;
		};
		348205502D00116C00BCDB3E /* Sources */ = {
			isa = PBXSourcesBuildPhase;
			buildActionMask = 2147483647;
			files = (
				3482055B2D00117400BCDB3E /* Input.swift in Sources */,
				3482056E2D001A7800BCDB3E /* Bounds2D.swift in Sources */,
				3482056C2D001A1100BCDB3E /* GridMap.swift in Sources */,
				3482056F2D001D4E00BCDB3E /* RGB.swift in Sources */,
				3482056D2D001A1B00BCDB3E /* Location2D.swift in Sources */,
			);
			runOnlyForDeploymentPostprocessing = 0;
		};
		348205992D0168B100BCDB3E /* Sources */ = {
			isa = PBXSourcesBuildPhase;
			buildActionMask = 2147483647;
			files = (
				348205A62D0168C100BCDB3E /* Input.swift in Sources */,
			);
			runOnlyForDeploymentPostprocessing = 0;
		};
		348205AA2D02BA5100BCDB3E /* Sources */ = {
			isa = PBXSourcesBuildPhase;
			buildActionMask = 2147483647;
			files = (
				348205B72D02BA6800BCDB3E /* Input.swift in Sources */,
				348205B82D02BCE200BCDB3E /* GridMap.swift in Sources */,
				348205B92D02BCE200BCDB3E /* Bounds2D.swift in Sources */,
				348205BA2D02BCE200BCDB3E /* RGB.swift in Sources */,
				348205BB2D02BCE200BCDB3E /* Location2D.swift in Sources */,
			);
			runOnlyForDeploymentPostprocessing = 0;
		};
		348205BE2D04053A00BCDB3E /* Sources */ = {
			isa = PBXSourcesBuildPhase;
			buildActionMask = 2147483647;
			files = (
				348205C92D04054500BCDB3E /* Input.swift in Sources */,
			);
			runOnlyForDeploymentPostprocessing = 0;
		};
		348205CD2D052D1500BCDB3E /* Sources */ = {
			isa = PBXSourcesBuildPhase;
			buildActionMask = 2147483647;
			files = (
				348205DA2D052D2E00BCDB3E /* Input.swift in Sources */,
				348205DB2D05604D00BCDB3E /* Location2D.swift in Sources */,
				348205DC2D05604D00BCDB3E /* GridMap.swift in Sources */,
				348205DD2D05604D00BCDB3E /* RGB.swift in Sources */,
				348205DE2D05604D00BCDB3E /* Bounds2D.swift in Sources */,
			);
			runOnlyForDeploymentPostprocessing = 0;
		};
		348205DF2D06841900BCDB3E /* Sources */ = {
			isa = PBXSourcesBuildPhase;
			buildActionMask = 2147483647;
			files = (
				348205EA2D06842100BCDB3E /* Input.swift in Sources */,
			);
			runOnlyForDeploymentPostprocessing = 0;
		};
		34D34B742CFD665500BD4DFA /* Sources */ = {
			isa = PBXSourcesBuildPhase;
			buildActionMask = 2147483647;
			files = (
				34D34B802CFD66AB00BD4DFA /* Input.swift in Sources */,
			);
			runOnlyForDeploymentPostprocessing = 0;
		};
/* End PBXSourcesBuildPhase section */

/* Begin XCBuildConfiguration section */
		34072D7F29319D800030EB66 /* Debug */ = {
			isa = XCBuildConfiguration;
			buildSettings = {
				ALWAYS_SEARCH_USER_PATHS = NO;
				CLANG_ANALYZER_NONNULL = YES;
				CLANG_ANALYZER_NUMBER_OBJECT_CONVERSION = YES_AGGRESSIVE;
				CLANG_CXX_LANGUAGE_STANDARD = "gnu++20";
				CLANG_ENABLE_MODULES = YES;
				CLANG_ENABLE_OBJC_ARC = YES;
				CLANG_ENABLE_OBJC_WEAK = YES;
				CLANG_WARN_BLOCK_CAPTURE_AUTORELEASING = YES;
				CLANG_WARN_BOOL_CONVERSION = YES;
				CLANG_WARN_COMMA = YES;
				CLANG_WARN_CONSTANT_CONVERSION = YES;
				CLANG_WARN_DEPRECATED_OBJC_IMPLEMENTATIONS = YES;
				CLANG_WARN_DIRECT_OBJC_ISA_USAGE = YES_ERROR;
				CLANG_WARN_DOCUMENTATION_COMMENTS = YES;
				CLANG_WARN_EMPTY_BODY = YES;
				CLANG_WARN_ENUM_CONVERSION = YES;
				CLANG_WARN_INFINITE_RECURSION = YES;
				CLANG_WARN_INT_CONVERSION = YES;
				CLANG_WARN_NON_LITERAL_NULL_CONVERSION = YES;
				CLANG_WARN_OBJC_IMPLICIT_RETAIN_SELF = YES;
				CLANG_WARN_OBJC_LITERAL_CONVERSION = YES;
				CLANG_WARN_OBJC_ROOT_CLASS = YES_ERROR;
				CLANG_WARN_QUOTED_INCLUDE_IN_FRAMEWORK_HEADER = YES;
				CLANG_WARN_RANGE_LOOP_ANALYSIS = YES;
				CLANG_WARN_STRICT_PROTOTYPES = YES;
				CLANG_WARN_SUSPICIOUS_MOVE = YES;
				CLANG_WARN_UNGUARDED_AVAILABILITY = YES_AGGRESSIVE;
				CLANG_WARN_UNREACHABLE_CODE = YES;
				CLANG_WARN__DUPLICATE_METHOD_MATCH = YES;
				COPY_PHASE_STRIP = NO;
				DEAD_CODE_STRIPPING = YES;
				DEBUG_INFORMATION_FORMAT = dwarf;
				ENABLE_STRICT_OBJC_MSGSEND = YES;
				ENABLE_TESTABILITY = YES;
				GCC_C_LANGUAGE_STANDARD = gnu11;
				GCC_DYNAMIC_NO_PIC = NO;
				GCC_NO_COMMON_BLOCKS = YES;
				GCC_OPTIMIZATION_LEVEL = 0;
				GCC_PREPROCESSOR_DEFINITIONS = (
					"DEBUG=1",
					"$(inherited)",
				);
				GCC_WARN_64_TO_32_BIT_CONVERSION = YES;
				GCC_WARN_ABOUT_RETURN_TYPE = YES_ERROR;
				GCC_WARN_UNDECLARED_SELECTOR = YES;
				GCC_WARN_UNINITIALIZED_AUTOS = YES_AGGRESSIVE;
				GCC_WARN_UNUSED_FUNCTION = YES;
				GCC_WARN_UNUSED_VARIABLE = YES;
				MACOSX_DEPLOYMENT_TARGET = 13.5;
				MTL_ENABLE_DEBUG_INFO = INCLUDE_SOURCE;
				MTL_FAST_MATH = YES;
				ONLY_ACTIVE_ARCH = YES;
				SDKROOT = macosx;
				SWIFT_ACTIVE_COMPILATION_CONDITIONS = DEBUG;
				SWIFT_OPTIMIZATION_LEVEL = "-Onone";
				SWIFT_VERSION = 6.0;
			};
			name = Debug;
		};
		34072D8029319D800030EB66 /* Release */ = {
			isa = XCBuildConfiguration;
			buildSettings = {
				ALWAYS_SEARCH_USER_PATHS = NO;
				CLANG_ANALYZER_NONNULL = YES;
				CLANG_ANALYZER_NUMBER_OBJECT_CONVERSION = YES_AGGRESSIVE;
				CLANG_CXX_LANGUAGE_STANDARD = "gnu++20";
				CLANG_ENABLE_MODULES = YES;
				CLANG_ENABLE_OBJC_ARC = YES;
				CLANG_ENABLE_OBJC_WEAK = YES;
				CLANG_WARN_BLOCK_CAPTURE_AUTORELEASING = YES;
				CLANG_WARN_BOOL_CONVERSION = YES;
				CLANG_WARN_COMMA = YES;
				CLANG_WARN_CONSTANT_CONVERSION = YES;
				CLANG_WARN_DEPRECATED_OBJC_IMPLEMENTATIONS = YES;
				CLANG_WARN_DIRECT_OBJC_ISA_USAGE = YES_ERROR;
				CLANG_WARN_DOCUMENTATION_COMMENTS = YES;
				CLANG_WARN_EMPTY_BODY = YES;
				CLANG_WARN_ENUM_CONVERSION = YES;
				CLANG_WARN_INFINITE_RECURSION = YES;
				CLANG_WARN_INT_CONVERSION = YES;
				CLANG_WARN_NON_LITERAL_NULL_CONVERSION = YES;
				CLANG_WARN_OBJC_IMPLICIT_RETAIN_SELF = YES;
				CLANG_WARN_OBJC_LITERAL_CONVERSION = YES;
				CLANG_WARN_OBJC_ROOT_CLASS = YES_ERROR;
				CLANG_WARN_QUOTED_INCLUDE_IN_FRAMEWORK_HEADER = YES;
				CLANG_WARN_RANGE_LOOP_ANALYSIS = YES;
				CLANG_WARN_STRICT_PROTOTYPES = YES;
				CLANG_WARN_SUSPICIOUS_MOVE = YES;
				CLANG_WARN_UNGUARDED_AVAILABILITY = YES_AGGRESSIVE;
				CLANG_WARN_UNREACHABLE_CODE = YES;
				CLANG_WARN__DUPLICATE_METHOD_MATCH = YES;
				COPY_PHASE_STRIP = NO;
				DEAD_CODE_STRIPPING = YES;
				DEBUG_INFORMATION_FORMAT = "dwarf-with-dsym";
				ENABLE_NS_ASSERTIONS = NO;
				ENABLE_STRICT_OBJC_MSGSEND = YES;
				GCC_C_LANGUAGE_STANDARD = gnu11;
				GCC_NO_COMMON_BLOCKS = YES;
				GCC_WARN_64_TO_32_BIT_CONVERSION = YES;
				GCC_WARN_ABOUT_RETURN_TYPE = YES_ERROR;
				GCC_WARN_UNDECLARED_SELECTOR = YES;
				GCC_WARN_UNINITIALIZED_AUTOS = YES_AGGRESSIVE;
				GCC_WARN_UNUSED_FUNCTION = YES;
				GCC_WARN_UNUSED_VARIABLE = YES;
				MACOSX_DEPLOYMENT_TARGET = 13.5;
				MTL_ENABLE_DEBUG_INFO = NO;
				MTL_FAST_MATH = YES;
				SDKROOT = macosx;
				SWIFT_COMPILATION_MODE = wholemodule;
				SWIFT_OPTIMIZATION_LEVEL = "-O";
				SWIFT_VERSION = 6.0;
			};
			name = Release;
		};
		3437343C2B19A427004CD750 /* Debug */ = {
			isa = XCBuildConfiguration;
			buildSettings = {
				ASSETCATALOG_COMPILER_GENERATE_SWIFT_ASSET_SYMBOL_EXTENSIONS = YES;
				CODE_SIGN_STYLE = Automatic;
				DEAD_CODE_STRIPPING = YES;
				DEVELOPMENT_TEAM = 2C7DZBMPU6;
				ENABLE_HARDENED_RUNTIME = YES;
				ENABLE_USER_SCRIPT_SANDBOXING = YES;
				GCC_C_LANGUAGE_STANDARD = gnu17;
				LOCALIZATION_PREFERS_STRING_CATALOGS = YES;
				PRODUCT_NAME = "$(TARGET_NAME)";
				SWIFT_ACTIVE_COMPILATION_CONDITIONS = "DEBUG $(inherited)";
			};
			name = Debug;
		};
		3437343D2B19A427004CD750 /* Release */ = {
			isa = XCBuildConfiguration;
			buildSettings = {
				ASSETCATALOG_COMPILER_GENERATE_SWIFT_ASSET_SYMBOL_EXTENSIONS = YES;
				CODE_SIGN_STYLE = Automatic;
				DEAD_CODE_STRIPPING = YES;
				DEVELOPMENT_TEAM = 2C7DZBMPU6;
				ENABLE_HARDENED_RUNTIME = YES;
				ENABLE_USER_SCRIPT_SANDBOXING = YES;
				GCC_C_LANGUAGE_STANDARD = gnu17;
				LOCALIZATION_PREFERS_STRING_CATALOGS = YES;
				PRODUCT_NAME = "$(TARGET_NAME)";
			};
			name = Release;
		};
		343734842B1FE460004CD750 /* Debug */ = {
			isa = XCBuildConfiguration;
			buildSettings = {
				ASSETCATALOG_COMPILER_GENERATE_SWIFT_ASSET_SYMBOL_EXTENSIONS = YES;
				CODE_SIGN_STYLE = Automatic;
				CURRENT_PROJECT_VERSION = 1;
				DEVELOPMENT_TEAM = 2C7DZBMPU6;
				ENABLE_USER_SCRIPT_SANDBOXING = YES;
				GCC_C_LANGUAGE_STANDARD = gnu17;
				GENERATE_INFOPLIST_FILE = YES;
				LOCALIZATION_PREFERS_STRING_CATALOGS = YES;
				MACOSX_DEPLOYMENT_TARGET = 13.5;
				MARKETING_VERSION = 1.0;
				PRODUCT_BUNDLE_IDENTIFIER = com.cocoatoa.UtilityTests;
				PRODUCT_NAME = "$(TARGET_NAME)";
				SWIFT_ACTIVE_COMPILATION_CONDITIONS = "DEBUG $(inherited)";
				SWIFT_EMIT_LOC_STRINGS = NO;
				SWIFT_VERSION = 5.0;
			};
			name = Debug;
		};
		343734852B1FE460004CD750 /* Release */ = {
			isa = XCBuildConfiguration;
			buildSettings = {
				ASSETCATALOG_COMPILER_GENERATE_SWIFT_ASSET_SYMBOL_EXTENSIONS = YES;
				CODE_SIGN_STYLE = Automatic;
				CURRENT_PROJECT_VERSION = 1;
				DEVELOPMENT_TEAM = 2C7DZBMPU6;
				ENABLE_USER_SCRIPT_SANDBOXING = YES;
				GCC_C_LANGUAGE_STANDARD = gnu17;
				GENERATE_INFOPLIST_FILE = YES;
				LOCALIZATION_PREFERS_STRING_CATALOGS = YES;
				MACOSX_DEPLOYMENT_TARGET = 13.5;
				MARKETING_VERSION = 1.0;
				PRODUCT_BUNDLE_IDENTIFIER = com.cocoatoa.UtilityTests;
				PRODUCT_NAME = "$(TARGET_NAME)";
				SWIFT_EMIT_LOC_STRINGS = NO;
				SWIFT_VERSION = 5.0;
			};
			name = Release;
		};
		348204E72CFEAE6100BCDB3E /* Debug */ = {
			isa = XCBuildConfiguration;
			buildSettings = {
				ASSETCATALOG_COMPILER_GENERATE_SWIFT_ASSET_SYMBOL_EXTENSIONS = YES;
				CODE_SIGN_STYLE = Automatic;
				DEVELOPMENT_TEAM = 2C7DZBMPU6;
				ENABLE_HARDENED_RUNTIME = YES;
				ENABLE_USER_SCRIPT_SANDBOXING = YES;
				GCC_C_LANGUAGE_STANDARD = gnu17;
				LOCALIZATION_PREFERS_STRING_CATALOGS = YES;
				MACOSX_DEPLOYMENT_TARGET = 15.1;
				PRODUCT_NAME = "$(TARGET_NAME)";
				SWIFT_ACTIVE_COMPILATION_CONDITIONS = "DEBUG $(inherited)";
				SWIFT_VERSION = 5.0;
			};
			name = Debug;
		};
		348204E82CFEAE6100BCDB3E /* Release */ = {
			isa = XCBuildConfiguration;
			buildSettings = {
				ASSETCATALOG_COMPILER_GENERATE_SWIFT_ASSET_SYMBOL_EXTENSIONS = YES;
				CODE_SIGN_STYLE = Automatic;
				DEVELOPMENT_TEAM = 2C7DZBMPU6;
				ENABLE_HARDENED_RUNTIME = YES;
				ENABLE_USER_SCRIPT_SANDBOXING = YES;
				GCC_C_LANGUAGE_STANDARD = gnu17;
				LOCALIZATION_PREFERS_STRING_CATALOGS = YES;
				MACOSX_DEPLOYMENT_TARGET = 15.1;
				PRODUCT_NAME = "$(TARGET_NAME)";
				SWIFT_VERSION = 5.0;
			};
			name = Release;
		};
		348205582D00116C00BCDB3E /* Debug */ = {
			isa = XCBuildConfiguration;
			buildSettings = {
				ASSETCATALOG_COMPILER_GENERATE_SWIFT_ASSET_SYMBOL_EXTENSIONS = YES;
				CODE_SIGN_STYLE = Automatic;
				DEVELOPMENT_TEAM = 2C7DZBMPU6;
				ENABLE_HARDENED_RUNTIME = YES;
				ENABLE_USER_SCRIPT_SANDBOXING = YES;
				GCC_C_LANGUAGE_STANDARD = gnu17;
				LOCALIZATION_PREFERS_STRING_CATALOGS = YES;
				MACOSX_DEPLOYMENT_TARGET = 15.1;
				PRODUCT_NAME = "$(TARGET_NAME)";
				SWIFT_ACTIVE_COMPILATION_CONDITIONS = "DEBUG $(inherited)";
				SWIFT_VERSION = 5.0;
			};
			name = Debug;
		};
		348205592D00116C00BCDB3E /* Release */ = {
			isa = XCBuildConfiguration;
			buildSettings = {
				ASSETCATALOG_COMPILER_GENERATE_SWIFT_ASSET_SYMBOL_EXTENSIONS = YES;
				CODE_SIGN_STYLE = Automatic;
				DEVELOPMENT_TEAM = 2C7DZBMPU6;
				ENABLE_HARDENED_RUNTIME = YES;
				ENABLE_USER_SCRIPT_SANDBOXING = YES;
				GCC_C_LANGUAGE_STANDARD = gnu17;
				LOCALIZATION_PREFERS_STRING_CATALOGS = YES;
				MACOSX_DEPLOYMENT_TARGET = 15.1;
				PRODUCT_NAME = "$(TARGET_NAME)";
				SWIFT_VERSION = 5.0;
			};
			name = Release;
		};
		348205A22D0168B100BCDB3E /* Debug */ = {
			isa = XCBuildConfiguration;
			buildSettings = {
				ASSETCATALOG_COMPILER_GENERATE_SWIFT_ASSET_SYMBOL_EXTENSIONS = YES;
				CODE_SIGN_STYLE = Automatic;
				DEVELOPMENT_TEAM = 2C7DZBMPU6;
				ENABLE_HARDENED_RUNTIME = YES;
				ENABLE_USER_SCRIPT_SANDBOXING = YES;
				GCC_C_LANGUAGE_STANDARD = gnu17;
				LOCALIZATION_PREFERS_STRING_CATALOGS = YES;
				MACOSX_DEPLOYMENT_TARGET = 15.1;
				PRODUCT_NAME = "$(TARGET_NAME)";
				SWIFT_ACTIVE_COMPILATION_CONDITIONS = "DEBUG $(inherited)";
				SWIFT_VERSION = 5.0;
			};
			name = Debug;
		};
		348205A32D0168B100BCDB3E /* Release */ = {
			isa = XCBuildConfiguration;
			buildSettings = {
				ASSETCATALOG_COMPILER_GENERATE_SWIFT_ASSET_SYMBOL_EXTENSIONS = YES;
				CODE_SIGN_STYLE = Automatic;
				DEVELOPMENT_TEAM = 2C7DZBMPU6;
				ENABLE_HARDENED_RUNTIME = YES;
				ENABLE_USER_SCRIPT_SANDBOXING = YES;
				GCC_C_LANGUAGE_STANDARD = gnu17;
				LOCALIZATION_PREFERS_STRING_CATALOGS = YES;
				MACOSX_DEPLOYMENT_TARGET = 15.1;
				PRODUCT_NAME = "$(TARGET_NAME)";
				SWIFT_VERSION = 5.0;
			};
			name = Release;
		};
		348205B32D02BA5100BCDB3E /* Debug */ = {
			isa = XCBuildConfiguration;
			buildSettings = {
				ASSETCATALOG_COMPILER_GENERATE_SWIFT_ASSET_SYMBOL_EXTENSIONS = YES;
				CODE_SIGN_STYLE = Automatic;
				DEVELOPMENT_TEAM = 2C7DZBMPU6;
				ENABLE_HARDENED_RUNTIME = YES;
				ENABLE_USER_SCRIPT_SANDBOXING = YES;
				GCC_C_LANGUAGE_STANDARD = gnu17;
				LOCALIZATION_PREFERS_STRING_CATALOGS = YES;
				MACOSX_DEPLOYMENT_TARGET = 15.1;
				PRODUCT_NAME = "$(TARGET_NAME)";
				SWIFT_ACTIVE_COMPILATION_CONDITIONS = "DEBUG $(inherited)";
				SWIFT_VERSION = 5.0;
			};
			name = Debug;
		};
		348205B42D02BA5100BCDB3E /* Release */ = {
			isa = XCBuildConfiguration;
			buildSettings = {
				ASSETCATALOG_COMPILER_GENERATE_SWIFT_ASSET_SYMBOL_EXTENSIONS = YES;
				CODE_SIGN_STYLE = Automatic;
				DEVELOPMENT_TEAM = 2C7DZBMPU6;
				ENABLE_HARDENED_RUNTIME = YES;
				ENABLE_USER_SCRIPT_SANDBOXING = YES;
				GCC_C_LANGUAGE_STANDARD = gnu17;
				LOCALIZATION_PREFERS_STRING_CATALOGS = YES;
				MACOSX_DEPLOYMENT_TARGET = 15.1;
				PRODUCT_NAME = "$(TARGET_NAME)";
				SWIFT_VERSION = 5.0;
			};
			name = Release;
		};
		348205C72D04053A00BCDB3E /* Debug */ = {
			isa = XCBuildConfiguration;
			buildSettings = {
				ASSETCATALOG_COMPILER_GENERATE_SWIFT_ASSET_SYMBOL_EXTENSIONS = YES;
				CODE_SIGN_STYLE = Automatic;
				DEVELOPMENT_TEAM = 2C7DZBMPU6;
				ENABLE_HARDENED_RUNTIME = YES;
				ENABLE_USER_SCRIPT_SANDBOXING = YES;
				GCC_C_LANGUAGE_STANDARD = gnu17;
				LOCALIZATION_PREFERS_STRING_CATALOGS = YES;
				MACOSX_DEPLOYMENT_TARGET = 15.1;
				PRODUCT_NAME = "$(TARGET_NAME)";
				SWIFT_ACTIVE_COMPILATION_CONDITIONS = "DEBUG $(inherited)";
				SWIFT_VERSION = 5.0;
			};
			name = Debug;
		};
		348205C82D04053A00BCDB3E /* Release */ = {
			isa = XCBuildConfiguration;
			buildSettings = {
				ASSETCATALOG_COMPILER_GENERATE_SWIFT_ASSET_SYMBOL_EXTENSIONS = YES;
				CODE_SIGN_STYLE = Automatic;
				DEVELOPMENT_TEAM = 2C7DZBMPU6;
				ENABLE_HARDENED_RUNTIME = YES;
				ENABLE_USER_SCRIPT_SANDBOXING = YES;
				GCC_C_LANGUAGE_STANDARD = gnu17;
				LOCALIZATION_PREFERS_STRING_CATALOGS = YES;
				MACOSX_DEPLOYMENT_TARGET = 15.1;
				PRODUCT_NAME = "$(TARGET_NAME)";
				SWIFT_VERSION = 5.0;
			};
			name = Release;
		};
		348205D62D052D1500BCDB3E /* Debug */ = {
			isa = XCBuildConfiguration;
			buildSettings = {
				ASSETCATALOG_COMPILER_GENERATE_SWIFT_ASSET_SYMBOL_EXTENSIONS = YES;
				CODE_SIGN_STYLE = Automatic;
				DEVELOPMENT_TEAM = 2C7DZBMPU6;
				ENABLE_HARDENED_RUNTIME = YES;
				ENABLE_USER_SCRIPT_SANDBOXING = YES;
				GCC_C_LANGUAGE_STANDARD = gnu17;
				LOCALIZATION_PREFERS_STRING_CATALOGS = YES;
				MACOSX_DEPLOYMENT_TARGET = 15.1;
				PRODUCT_NAME = "$(TARGET_NAME)";
				SWIFT_ACTIVE_COMPILATION_CONDITIONS = "DEBUG $(inherited)";
				SWIFT_VERSION = 5.0;
			};
			name = Debug;
		};
		348205D72D052D1500BCDB3E /* Release */ = {
			isa = XCBuildConfiguration;
			buildSettings = {
				ASSETCATALOG_COMPILER_GENERATE_SWIFT_ASSET_SYMBOL_EXTENSIONS = YES;
				CODE_SIGN_STYLE = Automatic;
				DEVELOPMENT_TEAM = 2C7DZBMPU6;
				ENABLE_HARDENED_RUNTIME = YES;
				ENABLE_USER_SCRIPT_SANDBOXING = YES;
				GCC_C_LANGUAGE_STANDARD = gnu17;
				LOCALIZATION_PREFERS_STRING_CATALOGS = YES;
				MACOSX_DEPLOYMENT_TARGET = 15.1;
				PRODUCT_NAME = "$(TARGET_NAME)";
				SWIFT_VERSION = 5.0;
			};
			name = Release;
		};
		348205E82D06841900BCDB3E /* Debug */ = {
			isa = XCBuildConfiguration;
			buildSettings = {
				ASSETCATALOG_COMPILER_GENERATE_SWIFT_ASSET_SYMBOL_EXTENSIONS = YES;
				CODE_SIGN_STYLE = Automatic;
				DEVELOPMENT_TEAM = 2C7DZBMPU6;
				ENABLE_HARDENED_RUNTIME = YES;
				ENABLE_USER_SCRIPT_SANDBOXING = YES;
				GCC_C_LANGUAGE_STANDARD = gnu17;
				LOCALIZATION_PREFERS_STRING_CATALOGS = YES;
				MACOSX_DEPLOYMENT_TARGET = 15.1;
				PRODUCT_NAME = "$(TARGET_NAME)";
				SWIFT_ACTIVE_COMPILATION_CONDITIONS = "DEBUG $(inherited)";
				SWIFT_VERSION = 5.0;
			};
			name = Debug;
		};
		348205E92D06841900BCDB3E /* Release */ = {
			isa = XCBuildConfiguration;
			buildSettings = {
				ASSETCATALOG_COMPILER_GENERATE_SWIFT_ASSET_SYMBOL_EXTENSIONS = YES;
				CODE_SIGN_STYLE = Automatic;
				DEVELOPMENT_TEAM = 2C7DZBMPU6;
				ENABLE_HARDENED_RUNTIME = YES;
				ENABLE_USER_SCRIPT_SANDBOXING = YES;
				GCC_C_LANGUAGE_STANDARD = gnu17;
				LOCALIZATION_PREFERS_STRING_CATALOGS = YES;
				MACOSX_DEPLOYMENT_TARGET = 15.1;
				PRODUCT_NAME = "$(TARGET_NAME)";
				SWIFT_VERSION = 5.0;
			};
			name = Release;
		};
		34CF3142294C3A7700094BD4 /* Debug */ = {
			isa = XCBuildConfiguration;
			buildSettings = {
				CODE_SIGN_STYLE = Automatic;
				DEAD_CODE_STRIPPING = YES;
				DEVELOPMENT_TEAM = 2C7DZBMPU6;
				PRODUCT_NAME = "$(TARGET_NAME)";
			};
			name = Debug;
		};
		34CF3143294C3A7700094BD4 /* Release */ = {
			isa = XCBuildConfiguration;
			buildSettings = {
				CODE_SIGN_STYLE = Automatic;
				DEAD_CODE_STRIPPING = YES;
				DEVELOPMENT_TEAM = 2C7DZBMPU6;
				PRODUCT_NAME = "$(TARGET_NAME)";
			};
			name = Release;
		};
		34D34B7C2CFD665500BD4DFA /* Debug */ = {
			isa = XCBuildConfiguration;
			buildSettings = {
				ASSETCATALOG_COMPILER_GENERATE_SWIFT_ASSET_SYMBOL_EXTENSIONS = YES;
				CODE_SIGN_STYLE = Automatic;
				DEVELOPMENT_TEAM = 2C7DZBMPU6;
				ENABLE_HARDENED_RUNTIME = YES;
				ENABLE_USER_SCRIPT_SANDBOXING = YES;
				GCC_C_LANGUAGE_STANDARD = gnu17;
				LOCALIZATION_PREFERS_STRING_CATALOGS = YES;
				PRODUCT_NAME = "$(TARGET_NAME)";
			};
			name = Debug;
		};
		34D34B7D2CFD665500BD4DFA /* Release */ = {
			isa = XCBuildConfiguration;
			buildSettings = {
				ASSETCATALOG_COMPILER_GENERATE_SWIFT_ASSET_SYMBOL_EXTENSIONS = YES;
				CODE_SIGN_STYLE = Automatic;
				DEVELOPMENT_TEAM = 2C7DZBMPU6;
				ENABLE_HARDENED_RUNTIME = YES;
				ENABLE_USER_SCRIPT_SANDBOXING = YES;
				GCC_C_LANGUAGE_STANDARD = gnu17;
				LOCALIZATION_PREFERS_STRING_CATALOGS = YES;
				PRODUCT_NAME = "$(TARGET_NAME)";
			};
			name = Release;
		};
/* End XCBuildConfiguration section */

/* Begin XCConfigurationList section */
		34072D7529319D800030EB66 /* Build configuration list for PBXProject "AdventOfCode-2024" */ = {
			isa = XCConfigurationList;
			buildConfigurations = (
				34072D7F29319D800030EB66 /* Debug */,
				34072D8029319D800030EB66 /* Release */,
			);
			defaultConfigurationIsVisible = 0;
			defaultConfigurationName = Release;
		};
		3437343B2B19A427004CD750 /* Build configuration list for PBXNativeTarget "day1" */ = {
			isa = XCConfigurationList;
			buildConfigurations = (
				3437343C2B19A427004CD750 /* Debug */,
				3437343D2B19A427004CD750 /* Release */,
			);
			defaultConfigurationIsVisible = 0;
			defaultConfigurationName = Release;
		};
		343734832B1FE460004CD750 /* Build configuration list for PBXNativeTarget "UtilityTests" */ = {
			isa = XCConfigurationList;
			buildConfigurations = (
				343734842B1FE460004CD750 /* Debug */,
				343734852B1FE460004CD750 /* Release */,
			);
			defaultConfigurationIsVisible = 0;
			defaultConfigurationName = Release;
		};
		348204E92CFEAE6100BCDB3E /* Build configuration list for PBXNativeTarget "day3" */ = {
			isa = XCConfigurationList;
			buildConfigurations = (
				348204E72CFEAE6100BCDB3E /* Debug */,
				348204E82CFEAE6100BCDB3E /* Release */,
			);
			defaultConfigurationIsVisible = 0;
			defaultConfigurationName = Release;
		};
		3482055A2D00116C00BCDB3E /* Build configuration list for PBXNativeTarget "day4" */ = {
			isa = XCConfigurationList;
			buildConfigurations = (
				348205582D00116C00BCDB3E /* Debug */,
				348205592D00116C00BCDB3E /* Release */,
			);
			defaultConfigurationIsVisible = 0;
			defaultConfigurationName = Release;
		};
		348205A12D0168B100BCDB3E /* Build configuration list for PBXNativeTarget "day5" */ = {
			isa = XCConfigurationList;
			buildConfigurations = (
				348205A22D0168B100BCDB3E /* Debug */,
				348205A32D0168B100BCDB3E /* Release */,
			);
			defaultConfigurationIsVisible = 0;
			defaultConfigurationName = Release;
		};
		348205B22D02BA5100BCDB3E /* Build configuration list for PBXNativeTarget "day6" */ = {
			isa = XCConfigurationList;
			buildConfigurations = (
				348205B32D02BA5100BCDB3E /* Debug */,
				348205B42D02BA5100BCDB3E /* Release */,
			);
			defaultConfigurationIsVisible = 0;
			defaultConfigurationName = Release;
		};
		348205C62D04053A00BCDB3E /* Build configuration list for PBXNativeTarget "day7" */ = {
			isa = XCConfigurationList;
			buildConfigurations = (
				348205C72D04053A00BCDB3E /* Debug */,
				348205C82D04053A00BCDB3E /* Release */,
			);
			defaultConfigurationIsVisible = 0;
			defaultConfigurationName = Release;
		};
		348205D52D052D1500BCDB3E /* Build configuration list for PBXNativeTarget "day8" */ = {
			isa = XCConfigurationList;
			buildConfigurations = (
				348205D62D052D1500BCDB3E /* Debug */,
				348205D72D052D1500BCDB3E /* Release */,
			);
			defaultConfigurationIsVisible = 0;
			defaultConfigurationName = Release;
		};
		348205E72D06841900BCDB3E /* Build configuration list for PBXNativeTarget "day9" */ = {
			isa = XCConfigurationList;
			buildConfigurations = (
				348205E82D06841900BCDB3E /* Debug */,
				348205E92D06841900BCDB3E /* Release */,
			);
			defaultConfigurationIsVisible = 0;
			defaultConfigurationName = Release;
		};
		34CF3141294C3A7700094BD4 /* Build configuration list for PBXAggregateTarget "All" */ = {
			isa = XCConfigurationList;
			buildConfigurations = (
				34CF3142294C3A7700094BD4 /* Debug */,
				34CF3143294C3A7700094BD4 /* Release */,
			);
			defaultConfigurationIsVisible = 0;
			defaultConfigurationName = Release;
		};
		34D34B7E2CFD665500BD4DFA /* Build configuration list for PBXNativeTarget "day2" */ = {
			isa = XCConfigurationList;
			buildConfigurations = (
				34D34B7C2CFD665500BD4DFA /* Debug */,
				34D34B7D2CFD665500BD4DFA /* Release */,
			);
			defaultConfigurationIsVisible = 0;
			defaultConfigurationName = Release;
		};
/* End XCConfigurationList section */

/* Begin XCRemoteSwiftPackageReference section */
		34CF3182295070CD00094BD4 /* XCRemoteSwiftPackageReference "swift-algorithms" */ = {
			isa = XCRemoteSwiftPackageReference;
			repositoryURL = "https://github.com/apple/swift-algorithms.git";
			requirement = {
				kind = upToNextMajorVersion;
				minimumVersion = 1.0.0;
			};
		};
/* End XCRemoteSwiftPackageReference section */
	};
	rootObject = 34072D7229319D800030EB66 /* Project object */;
}
