// !$*UTF8*$!
{
	archiveVersion = 1;
	classes = {
	};
	objectVersion = 56;
	objects = {

/* Begin PBXAggregateTarget section */
		34CF3140294C3A7700094BD4 /* All */ = {
			isa = PBXAggregateTarget;
			buildConfigurationList = 34CF3141294C3A7700094BD4 /* Build configuration list for PBXAggregateTarget "All" */;
			buildPhases = (
			);
			dependencies = (
				34CF3145294C3A9300094BD4 /* PBXTargetDependency */,
				34CF3147294C3A9300094BD4 /* PBXTargetDependency */,
				34CF3149294C3A9300094BD4 /* PBXTargetDependency */,
				34CF314B294C3A9300094BD4 /* PBXTargetDependency */,
				34CF314D294C3A9300094BD4 /* PBXTargetDependency */,
				34CF314F294C3A9300094BD4 /* PBXTargetDependency */,
				34CF31A3295583DB00094BD4 /* PBXTargetDependency */,
				34CF31A5295583DB00094BD4 /* PBXTargetDependency */,
				34CF31A7295583DB00094BD4 /* PBXTargetDependency */,
				34CF31A9295583DB00094BD4 /* PBXTargetDependency */,
				34CF3151294C3A9300094BD4 /* PBXTargetDependency */,
				34CF3153294C3A9300094BD4 /* PBXTargetDependency */,
				34CF3155294C3A9300094BD4 /* PBXTargetDependency */,
				34CF3157294C3A9300094BD4 /* PBXTargetDependency */,
				34CF3159294C3A9300094BD4 /* PBXTargetDependency */,
				34CF315B294C3A9300094BD4 /* PBXTargetDependency */,
				34CF315D294C3A9300094BD4 /* PBXTargetDependency */,
				34CF315F294C3A9300094BD4 /* PBXTargetDependency */,
			);
			name = All;
			productName = All;
		};
/* End PBXAggregateTarget section */

/* Begin PBXBuildFile section */
		34072D8B29319DB60030EB66 /* main.swift in Sources */ = {isa = PBXBuildFile; fileRef = 34072D8A29319DB60030EB66 /* main.swift */; };
		34072D912932F6C80030EB66 /* Input.swift in Sources */ = {isa = PBXBuildFile; fileRef = 34072D902932F6C80030EB66 /* Input.swift */; };
		341C5807293303810049BEE8 /* main.swift in Sources */ = {isa = PBXBuildFile; fileRef = 341C5806293303810049BEE8 /* main.swift */; };
		341C580C293304000049BEE8 /* Input.swift in Sources */ = {isa = PBXBuildFile; fileRef = 34072D902932F6C80030EB66 /* Input.swift */; };
		347D2B612942C288008BB801 /* main.swift in Sources */ = {isa = PBXBuildFile; fileRef = 347D2B602942C288008BB801 /* main.swift */; };
		347D2B662942C5EC008BB801 /* Input.swift in Sources */ = {isa = PBXBuildFile; fileRef = 34072D902932F6C80030EB66 /* Input.swift */; };
		347D2B6E2942DB8A008BB801 /* main.swift in Sources */ = {isa = PBXBuildFile; fileRef = 347D2B6D2942DB8A008BB801 /* main.swift */; };
		349C97A229444C0F00E4E740 /* main.swift in Sources */ = {isa = PBXBuildFile; fileRef = 349C97A129444C0F00E4E740 /* main.swift */; };
		349C97A729444C2800E4E740 /* Input.swift in Sources */ = {isa = PBXBuildFile; fileRef = 34072D902932F6C80030EB66 /* Input.swift */; };
		34CF30B82945C3FE00094BD4 /* main.swift in Sources */ = {isa = PBXBuildFile; fileRef = 34CF30B72945C3FE00094BD4 /* main.swift */; };
		34CF30BC2945C40400094BD4 /* Input.swift in Sources */ = {isa = PBXBuildFile; fileRef = 34072D902932F6C80030EB66 /* Input.swift */; };
		34CF30CB2946FF5E00094BD4 /* main.swift in Sources */ = {isa = PBXBuildFile; fileRef = 34CF30CA2946FF5E00094BD4 /* main.swift */; };
		34CF30CF2946FF6400094BD4 /* Input.swift in Sources */ = {isa = PBXBuildFile; fileRef = 34072D902932F6C80030EB66 /* Input.swift */; };
		34CF30D22947025300094BD4 /* Location2D.swift in Sources */ = {isa = PBXBuildFile; fileRef = 34CF30D12947025300094BD4 /* Location2D.swift */; };
		34CF30D32947026900094BD4 /* Location2D.swift in Sources */ = {isa = PBXBuildFile; fileRef = 34CF30D12947025300094BD4 /* Location2D.swift */; };
		34CF30D52947040400094BD4 /* GridMap.swift in Sources */ = {isa = PBXBuildFile; fileRef = 34CF30D42947040400094BD4 /* GridMap.swift */; };
		34CF312929483E6800094BD4 /* main.swift in Sources */ = {isa = PBXBuildFile; fileRef = 34CF312829483E6800094BD4 /* main.swift */; };
		34CF312E2948405A00094BD4 /* Input.swift in Sources */ = {isa = PBXBuildFile; fileRef = 34072D902932F6C80030EB66 /* Input.swift */; };
		34CF313029484E2A00094BD4 /* input.swift in Sources */ = {isa = PBXBuildFile; fileRef = 34CF312F29484E2A00094BD4 /* input.swift */; };
		34CF31382949FCE700094BD4 /* main.swift in Sources */ = {isa = PBXBuildFile; fileRef = 34CF31372949FCE700094BD4 /* main.swift */; };
		34CF313D294C022B00094BD4 /* Location2D.swift in Sources */ = {isa = PBXBuildFile; fileRef = 34CF30D12947025300094BD4 /* Location2D.swift */; };
		34CF313E294C022B00094BD4 /* Input.swift in Sources */ = {isa = PBXBuildFile; fileRef = 34072D902932F6C80030EB66 /* Input.swift */; };
		34CF313F294C022B00094BD4 /* GridMap.swift in Sources */ = {isa = PBXBuildFile; fileRef = 34CF30D42947040400094BD4 /* GridMap.swift */; };
		34CF3161294C3AD500094BD4 /* RGB.swift in Sources */ = {isa = PBXBuildFile; fileRef = 34CF3160294C3AD500094BD4 /* RGB.swift */; };
		34CF3162294C3AF500094BD4 /* RGB.swift in Sources */ = {isa = PBXBuildFile; fileRef = 34CF3160294C3AD500094BD4 /* RGB.swift */; };
		34CF3164294C3CAF00094BD4 /* HashMap2D.swift in Sources */ = {isa = PBXBuildFile; fileRef = 34CF3163294C3CAF00094BD4 /* HashMap2D.swift */; };
		34CF3166294C3E6D00094BD4 /* Bounds2D.swift in Sources */ = {isa = PBXBuildFile; fileRef = 34CF3165294C3E6D00094BD4 /* Bounds2D.swift */; };
		34CF316E294D810600094BD4 /* main.swift in Sources */ = {isa = PBXBuildFile; fileRef = 34CF316D294D810600094BD4 /* main.swift */; };
		34CF3173294D82A000094BD4 /* Location2D.swift in Sources */ = {isa = PBXBuildFile; fileRef = 34CF30D12947025300094BD4 /* Location2D.swift */; };
		34CF3174294D82F200094BD4 /* Input.swift in Sources */ = {isa = PBXBuildFile; fileRef = 34072D902932F6C80030EB66 /* Input.swift */; };
		34CF317C294EDBF100094BD4 /* main.swift in Sources */ = {isa = PBXBuildFile; fileRef = 34CF317B294EDBF100094BD4 /* main.swift */; };
		34CF3181294EDFD600094BD4 /* Input.swift in Sources */ = {isa = PBXBuildFile; fileRef = 34072D902932F6C80030EB66 /* Input.swift */; };
		34CF3184295070CD00094BD4 /* Algorithms in Frameworks */ = {isa = PBXBuildFile; productRef = 34CF3183295070CD00094BD4 /* Algorithms */; };
		34CF318C2952B55200094BD4 /* main.swift in Sources */ = {isa = PBXBuildFile; fileRef = 34CF318B2952B55200094BD4 /* main.swift */; };
		34CF31912952B89B00094BD4 /* Location2D.swift in Sources */ = {isa = PBXBuildFile; fileRef = 34CF30D12947025300094BD4 /* Location2D.swift */; };
		34CF31922952B89E00094BD4 /* HashMap2D.swift in Sources */ = {isa = PBXBuildFile; fileRef = 34CF3163294C3CAF00094BD4 /* HashMap2D.swift */; };
		34CF31932952BA9F00094BD4 /* Input.swift in Sources */ = {isa = PBXBuildFile; fileRef = 34072D902932F6C80030EB66 /* Input.swift */; };
		34CF31942952D25300094BD4 /* Bounds2D.swift in Sources */ = {isa = PBXBuildFile; fileRef = 34CF3165294C3E6D00094BD4 /* Bounds2D.swift */; };
		34CF31952952D25B00094BD4 /* RGB.swift in Sources */ = {isa = PBXBuildFile; fileRef = 34CF3160294C3AD500094BD4 /* RGB.swift */; };
		34CF319D2955828000094BD4 /* main.swift in Sources */ = {isa = PBXBuildFile; fileRef = 34CF319C2955828000094BD4 /* main.swift */; };
		34CF31AB2955857C00094BD4 /* HashMap3D.swift in Sources */ = {isa = PBXBuildFile; fileRef = 34CF31AA2955857C00094BD4 /* HashMap3D.swift */; };
		34CF31AD2955858600094BD4 /* Location3D.swift in Sources */ = {isa = PBXBuildFile; fileRef = 34CF31AC2955858600094BD4 /* Location3D.swift */; };
		34CF31AF2955858D00094BD4 /* Bounds3D.swift in Sources */ = {isa = PBXBuildFile; fileRef = 34CF31AE2955858D00094BD4 /* Bounds3D.swift */; };
		34CF31B02955878E00094BD4 /* Input.swift in Sources */ = {isa = PBXBuildFile; fileRef = 34072D902932F6C80030EB66 /* Input.swift */; };
		34D0928B2942E01000F29B05 /* Input.swift in Sources */ = {isa = PBXBuildFile; fileRef = 34072D902932F6C80030EB66 /* Input.swift */; };
		34D092932942E3E200F29B05 /* main.swift in Sources */ = {isa = PBXBuildFile; fileRef = 34D092922942E3E200F29B05 /* main.swift */; };
		34D092982942E3F500F29B05 /* Input.swift in Sources */ = {isa = PBXBuildFile; fileRef = 34072D902932F6C80030EB66 /* Input.swift */; };
		34D092A02943D02600F29B05 /* main.swift in Sources */ = {isa = PBXBuildFile; fileRef = 34D0929F2943D02600F29B05 /* main.swift */; };
		34D092A52943D03700F29B05 /* Input.swift in Sources */ = {isa = PBXBuildFile; fileRef = 34072D902932F6C80030EB66 /* Input.swift */; };
		34D092AD2943D51D00F29B05 /* main.swift in Sources */ = {isa = PBXBuildFile; fileRef = 34D092AC2943D51D00F29B05 /* main.swift */; };
		34D092B22943D52D00F29B05 /* Input.swift in Sources */ = {isa = PBXBuildFile; fileRef = 34072D902932F6C80030EB66 /* Input.swift */; };
		34D092BA2943E49100F29B05 /* main.swift in Sources */ = {isa = PBXBuildFile; fileRef = 34D092B92943E49100F29B05 /* main.swift */; };
		34D092BE2943E49C00F29B05 /* Input.swift in Sources */ = {isa = PBXBuildFile; fileRef = 34072D902932F6C80030EB66 /* Input.swift */; };
		34D092C72943F67500F29B05 /* main.swift in Sources */ = {isa = PBXBuildFile; fileRef = 34D092C62943F67500F29B05 /* main.swift */; };
		34D092CB2943F67F00F29B05 /* Input.swift in Sources */ = {isa = PBXBuildFile; fileRef = 34072D902932F6C80030EB66 /* Input.swift */; };
/* End PBXBuildFile section */

/* Begin PBXContainerItemProxy section */
		34CF3144294C3A9300094BD4 /* PBXContainerItemProxy */ = {
			isa = PBXContainerItemProxy;
			containerPortal = 34072D7229319D800030EB66 /* Project object */;
			proxyType = 1;
			remoteGlobalIDString = 34072D8729319DB60030EB66;
			remoteInfo = day1;
		};
		34CF3146294C3A9300094BD4 /* PBXContainerItemProxy */ = {
			isa = PBXContainerItemProxy;
			containerPortal = 34072D7229319D800030EB66 /* Project object */;
			proxyType = 1;
			remoteGlobalIDString = 349C979E29444C0F00E4E740;
			remoteInfo = day10;
		};
		34CF3148294C3A9300094BD4 /* PBXContainerItemProxy */ = {
			isa = PBXContainerItemProxy;
			containerPortal = 34072D7229319D800030EB66 /* Project object */;
			proxyType = 1;
			remoteGlobalIDString = 34CF30B42945C3FE00094BD4;
			remoteInfo = day11;
		};
		34CF314A294C3A9300094BD4 /* PBXContainerItemProxy */ = {
			isa = PBXContainerItemProxy;
			containerPortal = 34072D7229319D800030EB66 /* Project object */;
			proxyType = 1;
			remoteGlobalIDString = 34CF30C72946FF5E00094BD4;
			remoteInfo = day12;
		};
		34CF314C294C3A9300094BD4 /* PBXContainerItemProxy */ = {
			isa = PBXContainerItemProxy;
			containerPortal = 34072D7229319D800030EB66 /* Project object */;
			proxyType = 1;
			remoteGlobalIDString = 34CF312529483E6800094BD4;
			remoteInfo = day13;
		};
		34CF314E294C3A9300094BD4 /* PBXContainerItemProxy */ = {
			isa = PBXContainerItemProxy;
			containerPortal = 34072D7229319D800030EB66 /* Project object */;
			proxyType = 1;
			remoteGlobalIDString = 34CF31342949FCE700094BD4;
			remoteInfo = day14;
		};
		34CF3150294C3A9300094BD4 /* PBXContainerItemProxy */ = {
			isa = PBXContainerItemProxy;
			containerPortal = 34072D7229319D800030EB66 /* Project object */;
			proxyType = 1;
			remoteGlobalIDString = 341C5803293303810049BEE8;
			remoteInfo = day2;
		};
		34CF3152294C3A9300094BD4 /* PBXContainerItemProxy */ = {
			isa = PBXContainerItemProxy;
			containerPortal = 34072D7229319D800030EB66 /* Project object */;
			proxyType = 1;
			remoteGlobalIDString = 347D2B5D2942C288008BB801;
			remoteInfo = day3;
		};
		34CF3154294C3A9300094BD4 /* PBXContainerItemProxy */ = {
			isa = PBXContainerItemProxy;
			containerPortal = 34072D7229319D800030EB66 /* Project object */;
			proxyType = 1;
			remoteGlobalIDString = 347D2B6A2942DB8A008BB801;
			remoteInfo = day4;
		};
		34CF3156294C3A9300094BD4 /* PBXContainerItemProxy */ = {
			isa = PBXContainerItemProxy;
			containerPortal = 34072D7229319D800030EB66 /* Project object */;
			proxyType = 1;
			remoteGlobalIDString = 34D0928F2942E3E200F29B05;
			remoteInfo = day5;
		};
		34CF3158294C3A9300094BD4 /* PBXContainerItemProxy */ = {
			isa = PBXContainerItemProxy;
			containerPortal = 34072D7229319D800030EB66 /* Project object */;
			proxyType = 1;
			remoteGlobalIDString = 34D0929C2943D02600F29B05;
			remoteInfo = day6;
		};
		34CF315A294C3A9300094BD4 /* PBXContainerItemProxy */ = {
			isa = PBXContainerItemProxy;
			containerPortal = 34072D7229319D800030EB66 /* Project object */;
			proxyType = 1;
			remoteGlobalIDString = 34D092A92943D51D00F29B05;
			remoteInfo = day7;
		};
		34CF315C294C3A9300094BD4 /* PBXContainerItemProxy */ = {
			isa = PBXContainerItemProxy;
			containerPortal = 34072D7229319D800030EB66 /* Project object */;
			proxyType = 1;
			remoteGlobalIDString = 34D092B62943E49000F29B05;
			remoteInfo = day8;
		};
		34CF315E294C3A9300094BD4 /* PBXContainerItemProxy */ = {
			isa = PBXContainerItemProxy;
			containerPortal = 34072D7229319D800030EB66 /* Project object */;
			proxyType = 1;
			remoteGlobalIDString = 34D092C32943F67500F29B05;
			remoteInfo = day9;
		};
		34CF31A2295583DB00094BD4 /* PBXContainerItemProxy */ = {
			isa = PBXContainerItemProxy;
			containerPortal = 34072D7229319D800030EB66 /* Project object */;
			proxyType = 1;
			remoteGlobalIDString = 34CF316A294D810600094BD4;
			remoteInfo = day15;
		};
		34CF31A4295583DB00094BD4 /* PBXContainerItemProxy */ = {
			isa = PBXContainerItemProxy;
			containerPortal = 34072D7229319D800030EB66 /* Project object */;
			proxyType = 1;
			remoteGlobalIDString = 34CF3178294EDBF100094BD4;
			remoteInfo = day16;
		};
		34CF31A6295583DB00094BD4 /* PBXContainerItemProxy */ = {
			isa = PBXContainerItemProxy;
			containerPortal = 34072D7229319D800030EB66 /* Project object */;
			proxyType = 1;
			remoteGlobalIDString = 34CF31882952B55100094BD4;
			remoteInfo = day17;
		};
		34CF31A8295583DB00094BD4 /* PBXContainerItemProxy */ = {
			isa = PBXContainerItemProxy;
			containerPortal = 34072D7229319D800030EB66 /* Project object */;
			proxyType = 1;
			remoteGlobalIDString = 34CF31992955828000094BD4;
			remoteInfo = day18;
		};
/* End PBXContainerItemProxy section */

/* Begin PBXCopyFilesBuildPhase section */
		34072D8629319DB60030EB66 /* CopyFiles */ = {
			isa = PBXCopyFilesBuildPhase;
			buildActionMask = 2147483647;
			dstPath = /usr/share/man/man1/;
			dstSubfolderSpec = 0;
			files = (
			);
			runOnlyForDeploymentPostprocessing = 1;
		};
		341C5802293303810049BEE8 /* CopyFiles */ = {
			isa = PBXCopyFilesBuildPhase;
			buildActionMask = 2147483647;
			dstPath = /usr/share/man/man1/;
			dstSubfolderSpec = 0;
			files = (
			);
			runOnlyForDeploymentPostprocessing = 1;
		};
		347D2B5C2942C288008BB801 /* CopyFiles */ = {
			isa = PBXCopyFilesBuildPhase;
			buildActionMask = 2147483647;
			dstPath = /usr/share/man/man1/;
			dstSubfolderSpec = 0;
			files = (
			);
			runOnlyForDeploymentPostprocessing = 1;
		};
		347D2B692942DB8A008BB801 /* CopyFiles */ = {
			isa = PBXCopyFilesBuildPhase;
			buildActionMask = 2147483647;
			dstPath = /usr/share/man/man1/;
			dstSubfolderSpec = 0;
			files = (
			);
			runOnlyForDeploymentPostprocessing = 1;
		};
		349C979D29444C0F00E4E740 /* CopyFiles */ = {
			isa = PBXCopyFilesBuildPhase;
			buildActionMask = 2147483647;
			dstPath = /usr/share/man/man1/;
			dstSubfolderSpec = 0;
			files = (
			);
			runOnlyForDeploymentPostprocessing = 1;
		};
		34CF30B32945C3FE00094BD4 /* CopyFiles */ = {
			isa = PBXCopyFilesBuildPhase;
			buildActionMask = 2147483647;
			dstPath = /usr/share/man/man1/;
			dstSubfolderSpec = 0;
			files = (
			);
			runOnlyForDeploymentPostprocessing = 1;
		};
		34CF30C62946FF5E00094BD4 /* CopyFiles */ = {
			isa = PBXCopyFilesBuildPhase;
			buildActionMask = 2147483647;
			dstPath = /usr/share/man/man1/;
			dstSubfolderSpec = 0;
			files = (
			);
			runOnlyForDeploymentPostprocessing = 1;
		};
		34CF312429483E6800094BD4 /* CopyFiles */ = {
			isa = PBXCopyFilesBuildPhase;
			buildActionMask = 2147483647;
			dstPath = /usr/share/man/man1/;
			dstSubfolderSpec = 0;
			files = (
			);
			runOnlyForDeploymentPostprocessing = 1;
		};
		34CF31332949FCE700094BD4 /* CopyFiles */ = {
			isa = PBXCopyFilesBuildPhase;
			buildActionMask = 2147483647;
			dstPath = /usr/share/man/man1/;
			dstSubfolderSpec = 0;
			files = (
			);
			runOnlyForDeploymentPostprocessing = 1;
		};
		34CF3169294D810600094BD4 /* CopyFiles */ = {
			isa = PBXCopyFilesBuildPhase;
			buildActionMask = 2147483647;
			dstPath = /usr/share/man/man1/;
			dstSubfolderSpec = 0;
			files = (
			);
			runOnlyForDeploymentPostprocessing = 1;
		};
		34CF3177294EDBF100094BD4 /* CopyFiles */ = {
			isa = PBXCopyFilesBuildPhase;
			buildActionMask = 2147483647;
			dstPath = /usr/share/man/man1/;
			dstSubfolderSpec = 0;
			files = (
			);
			runOnlyForDeploymentPostprocessing = 1;
		};
		34CF31872952B55100094BD4 /* CopyFiles */ = {
			isa = PBXCopyFilesBuildPhase;
			buildActionMask = 2147483647;
			dstPath = /usr/share/man/man1/;
			dstSubfolderSpec = 0;
			files = (
			);
			runOnlyForDeploymentPostprocessing = 1;
		};
		34CF31982955828000094BD4 /* CopyFiles */ = {
			isa = PBXCopyFilesBuildPhase;
			buildActionMask = 2147483647;
			dstPath = /usr/share/man/man1/;
			dstSubfolderSpec = 0;
			files = (
			);
			runOnlyForDeploymentPostprocessing = 1;
		};
		34D0928E2942E3E200F29B05 /* CopyFiles */ = {
			isa = PBXCopyFilesBuildPhase;
			buildActionMask = 2147483647;
			dstPath = /usr/share/man/man1/;
			dstSubfolderSpec = 0;
			files = (
			);
			runOnlyForDeploymentPostprocessing = 1;
		};
		34D0929B2943D02600F29B05 /* CopyFiles */ = {
			isa = PBXCopyFilesBuildPhase;
			buildActionMask = 2147483647;
			dstPath = /usr/share/man/man1/;
			dstSubfolderSpec = 0;
			files = (
			);
			runOnlyForDeploymentPostprocessing = 1;
		};
		34D092A82943D51D00F29B05 /* CopyFiles */ = {
			isa = PBXCopyFilesBuildPhase;
			buildActionMask = 2147483647;
			dstPath = /usr/share/man/man1/;
			dstSubfolderSpec = 0;
			files = (
			);
			runOnlyForDeploymentPostprocessing = 1;
		};
		34D092B52943E49000F29B05 /* CopyFiles */ = {
			isa = PBXCopyFilesBuildPhase;
			buildActionMask = 2147483647;
			dstPath = /usr/share/man/man1/;
			dstSubfolderSpec = 0;
			files = (
			);
			runOnlyForDeploymentPostprocessing = 1;
		};
		34D092C22943F67500F29B05 /* CopyFiles */ = {
			isa = PBXCopyFilesBuildPhase;
			buildActionMask = 2147483647;
			dstPath = /usr/share/man/man1/;
			dstSubfolderSpec = 0;
			files = (
			);
			runOnlyForDeploymentPostprocessing = 1;
		};
/* End PBXCopyFilesBuildPhase section */

/* Begin PBXFileReference section */
		34072D8829319DB60030EB66 /* day1 */ = {isa = PBXFileReference; explicitFileType = "compiled.mach-o.executable"; includeInIndex = 0; path = day1; sourceTree = BUILT_PRODUCTS_DIR; };
		34072D8A29319DB60030EB66 /* main.swift */ = {isa = PBXFileReference; lastKnownFileType = sourcecode.swift; path = main.swift; sourceTree = "<group>"; };
		34072D902932F6C80030EB66 /* Input.swift */ = {isa = PBXFileReference; lastKnownFileType = sourcecode.swift; path = Input.swift; sourceTree = "<group>"; };
		341C5804293303810049BEE8 /* day2 */ = {isa = PBXFileReference; explicitFileType = "compiled.mach-o.executable"; includeInIndex = 0; path = day2; sourceTree = BUILT_PRODUCTS_DIR; };
		341C5806293303810049BEE8 /* main.swift */ = {isa = PBXFileReference; lastKnownFileType = sourcecode.swift; path = main.swift; sourceTree = "<group>"; };
		341C580B2933039C0049BEE8 /* input.txt */ = {isa = PBXFileReference; lastKnownFileType = text; path = input.txt; sourceTree = "<group>"; };
		347D2B592942B376008BB801 /* input.txt */ = {isa = PBXFileReference; lastKnownFileType = text; path = input.txt; sourceTree = "<group>"; };
		347D2B5E2942C288008BB801 /* day3 */ = {isa = PBXFileReference; explicitFileType = "compiled.mach-o.executable"; includeInIndex = 0; path = day3; sourceTree = BUILT_PRODUCTS_DIR; };
		347D2B602942C288008BB801 /* main.swift */ = {isa = PBXFileReference; lastKnownFileType = sourcecode.swift; path = main.swift; sourceTree = "<group>"; };
		347D2B652942C295008BB801 /* input.txt */ = {isa = PBXFileReference; lastKnownFileType = text; path = input.txt; sourceTree = "<group>"; };
		347D2B6B2942DB8A008BB801 /* day4 */ = {isa = PBXFileReference; explicitFileType = "compiled.mach-o.executable"; includeInIndex = 0; path = day4; sourceTree = BUILT_PRODUCTS_DIR; };
		347D2B6D2942DB8A008BB801 /* main.swift */ = {isa = PBXFileReference; lastKnownFileType = sourcecode.swift; path = main.swift; sourceTree = "<group>"; };
		347D2B722942DB97008BB801 /* input.txt */ = {isa = PBXFileReference; lastKnownFileType = text; path = input.txt; sourceTree = "<group>"; };
		349C979F29444C0F00E4E740 /* day10 */ = {isa = PBXFileReference; explicitFileType = "compiled.mach-o.executable"; includeInIndex = 0; path = day10; sourceTree = BUILT_PRODUCTS_DIR; };
		349C97A129444C0F00E4E740 /* main.swift */ = {isa = PBXFileReference; lastKnownFileType = sourcecode.swift; path = main.swift; sourceTree = "<group>"; };
		349C97A629444C2100E4E740 /* input.txt */ = {isa = PBXFileReference; lastKnownFileType = text; path = input.txt; sourceTree = "<group>"; };
		34CF30B52945C3FE00094BD4 /* day11 */ = {isa = PBXFileReference; explicitFileType = "compiled.mach-o.executable"; includeInIndex = 0; path = day11; sourceTree = BUILT_PRODUCTS_DIR; };
		34CF30B72945C3FE00094BD4 /* main.swift */ = {isa = PBXFileReference; lastKnownFileType = sourcecode.swift; path = main.swift; sourceTree = "<group>"; };
		34CF30BD2945C41300094BD4 /* input.txt */ = {isa = PBXFileReference; lastKnownFileType = text; path = input.txt; sourceTree = "<group>"; };
		34CF30C82946FF5E00094BD4 /* day12 */ = {isa = PBXFileReference; explicitFileType = "compiled.mach-o.executable"; includeInIndex = 0; path = day12; sourceTree = BUILT_PRODUCTS_DIR; };
		34CF30CA2946FF5E00094BD4 /* main.swift */ = {isa = PBXFileReference; lastKnownFileType = sourcecode.swift; path = main.swift; sourceTree = "<group>"; };
		34CF30D02946FF7200094BD4 /* input.txt */ = {isa = PBXFileReference; lastKnownFileType = text; path = input.txt; sourceTree = "<group>"; };
		34CF30D12947025300094BD4 /* Location2D.swift */ = {isa = PBXFileReference; lastKnownFileType = sourcecode.swift; path = Location2D.swift; sourceTree = "<group>"; };
		34CF30D42947040400094BD4 /* GridMap.swift */ = {isa = PBXFileReference; lastKnownFileType = sourcecode.swift; path = GridMap.swift; sourceTree = "<group>"; };
		34CF312629483E6800094BD4 /* day13 */ = {isa = PBXFileReference; explicitFileType = "compiled.mach-o.executable"; includeInIndex = 0; path = day13; sourceTree = BUILT_PRODUCTS_DIR; };
		34CF312829483E6800094BD4 /* main.swift */ = {isa = PBXFileReference; lastKnownFileType = sourcecode.swift; path = main.swift; sourceTree = "<group>"; };
		34CF312D29483E7200094BD4 /* input.txt */ = {isa = PBXFileReference; lastKnownFileType = text; path = input.txt; sourceTree = "<group>"; };
		34CF312F29484E2A00094BD4 /* input.swift */ = {isa = PBXFileReference; lastKnownFileType = sourcecode.swift; path = input.swift; sourceTree = "<group>"; };
		34CF31352949FCE700094BD4 /* day14 */ = {isa = PBXFileReference; explicitFileType = "compiled.mach-o.executable"; includeInIndex = 0; path = day14; sourceTree = BUILT_PRODUCTS_DIR; };
		34CF31372949FCE700094BD4 /* main.swift */ = {isa = PBXFileReference; lastKnownFileType = sourcecode.swift; path = main.swift; sourceTree = "<group>"; };
		34CF313C2949FCF800094BD4 /* input.txt */ = {isa = PBXFileReference; lastKnownFileType = text; path = input.txt; sourceTree = "<group>"; };
		34CF3160294C3AD500094BD4 /* RGB.swift */ = {isa = PBXFileReference; lastKnownFileType = sourcecode.swift; path = RGB.swift; sourceTree = "<group>"; };
		34CF3163294C3CAF00094BD4 /* HashMap2D.swift */ = {isa = PBXFileReference; lastKnownFileType = sourcecode.swift; path = HashMap2D.swift; sourceTree = "<group>"; };
		34CF3165294C3E6D00094BD4 /* Bounds2D.swift */ = {isa = PBXFileReference; lastKnownFileType = sourcecode.swift; path = Bounds2D.swift; sourceTree = "<group>"; };
		34CF316B294D810600094BD4 /* day15 */ = {isa = PBXFileReference; explicitFileType = "compiled.mach-o.executable"; includeInIndex = 0; path = day15; sourceTree = BUILT_PRODUCTS_DIR; };
		34CF316D294D810600094BD4 /* main.swift */ = {isa = PBXFileReference; lastKnownFileType = sourcecode.swift; path = main.swift; sourceTree = "<group>"; };
		34CF3172294D811800094BD4 /* input.txt */ = {isa = PBXFileReference; lastKnownFileType = text; path = input.txt; sourceTree = "<group>"; };
		34CF3179294EDBF100094BD4 /* day16 */ = {isa = PBXFileReference; explicitFileType = "compiled.mach-o.executable"; includeInIndex = 0; path = day16; sourceTree = BUILT_PRODUCTS_DIR; };
		34CF317B294EDBF100094BD4 /* main.swift */ = {isa = PBXFileReference; lastKnownFileType = sourcecode.swift; path = main.swift; sourceTree = "<group>"; };
		34CF3180294EDBFB00094BD4 /* input.txt */ = {isa = PBXFileReference; lastKnownFileType = text; path = input.txt; sourceTree = "<group>"; };
		34CF31892952B55200094BD4 /* day17 */ = {isa = PBXFileReference; explicitFileType = "compiled.mach-o.executable"; includeInIndex = 0; path = day17; sourceTree = BUILT_PRODUCTS_DIR; };
		34CF318B2952B55200094BD4 /* main.swift */ = {isa = PBXFileReference; lastKnownFileType = sourcecode.swift; path = main.swift; sourceTree = "<group>"; };
		34CF31902952B56000094BD4 /* input.txt */ = {isa = PBXFileReference; lastKnownFileType = text; path = input.txt; sourceTree = "<group>"; };
		34CF319A2955828000094BD4 /* day18 */ = {isa = PBXFileReference; explicitFileType = "compiled.mach-o.executable"; includeInIndex = 0; path = day18; sourceTree = BUILT_PRODUCTS_DIR; };
		34CF319C2955828000094BD4 /* main.swift */ = {isa = PBXFileReference; lastKnownFileType = sourcecode.swift; path = main.swift; sourceTree = "<group>"; };
		34CF31A12955828C00094BD4 /* input.txt */ = {isa = PBXFileReference; lastKnownFileType = text; path = input.txt; sourceTree = "<group>"; };
		34CF31AA2955857C00094BD4 /* HashMap3D.swift */ = {isa = PBXFileReference; lastKnownFileType = sourcecode.swift; path = HashMap3D.swift; sourceTree = "<group>"; };
		34CF31AC2955858600094BD4 /* Location3D.swift */ = {isa = PBXFileReference; lastKnownFileType = sourcecode.swift; path = Location3D.swift; sourceTree = "<group>"; };
		34CF31AE2955858D00094BD4 /* Bounds3D.swift */ = {isa = PBXFileReference; lastKnownFileType = sourcecode.swift; path = Bounds3D.swift; sourceTree = "<group>"; };
		34D092902942E3E200F29B05 /* day5 */ = {isa = PBXFileReference; explicitFileType = "compiled.mach-o.executable"; includeInIndex = 0; path = day5; sourceTree = BUILT_PRODUCTS_DIR; };
		34D092922942E3E200F29B05 /* main.swift */ = {isa = PBXFileReference; lastKnownFileType = sourcecode.swift; path = main.swift; sourceTree = "<group>"; };
		34D092972942E3F000F29B05 /* input.txt */ = {isa = PBXFileReference; lastKnownFileType = text; path = input.txt; sourceTree = "<group>"; };
		34D0929D2943D02600F29B05 /* day6 */ = {isa = PBXFileReference; explicitFileType = "compiled.mach-o.executable"; includeInIndex = 0; path = day6; sourceTree = BUILT_PRODUCTS_DIR; };
		34D0929F2943D02600F29B05 /* main.swift */ = {isa = PBXFileReference; lastKnownFileType = sourcecode.swift; path = main.swift; sourceTree = "<group>"; };
		34D092A42943D03200F29B05 /* input.txt */ = {isa = PBXFileReference; lastKnownFileType = text; path = input.txt; sourceTree = "<group>"; };
		34D092AA2943D51D00F29B05 /* day7 */ = {isa = PBXFileReference; explicitFileType = "compiled.mach-o.executable"; includeInIndex = 0; path = day7; sourceTree = BUILT_PRODUCTS_DIR; };
		34D092AC2943D51D00F29B05 /* main.swift */ = {isa = PBXFileReference; lastKnownFileType = sourcecode.swift; path = main.swift; sourceTree = "<group>"; };
		34D092B12943D52800F29B05 /* input.txt */ = {isa = PBXFileReference; lastKnownFileType = text; path = input.txt; sourceTree = "<group>"; };
		34D092B72943E49000F29B05 /* day8 */ = {isa = PBXFileReference; explicitFileType = "compiled.mach-o.executable"; includeInIndex = 0; path = day8; sourceTree = BUILT_PRODUCTS_DIR; };
		34D092B92943E49100F29B05 /* main.swift */ = {isa = PBXFileReference; lastKnownFileType = sourcecode.swift; path = main.swift; sourceTree = "<group>"; };
		34D092BF2943E4A900F29B05 /* input.txt */ = {isa = PBXFileReference; lastKnownFileType = text; path = input.txt; sourceTree = "<group>"; };
		34D092C42943F67500F29B05 /* day9 */ = {isa = PBXFileReference; explicitFileType = "compiled.mach-o.executable"; includeInIndex = 0; path = day9; sourceTree = BUILT_PRODUCTS_DIR; };
		34D092C62943F67500F29B05 /* main.swift */ = {isa = PBXFileReference; lastKnownFileType = sourcecode.swift; path = main.swift; sourceTree = "<group>"; };
		34D092CC2943F68E00F29B05 /* input.txt */ = {isa = PBXFileReference; lastKnownFileType = text; path = input.txt; sourceTree = "<group>"; };
/* End PBXFileReference section */

/* Begin PBXFrameworksBuildPhase section */
		34072D8529319DB60030EB66 /* Frameworks */ = {
			isa = PBXFrameworksBuildPhase;
			buildActionMask = 2147483647;
			files = (
			);
			runOnlyForDeploymentPostprocessing = 0;
		};
		341C5801293303810049BEE8 /* Frameworks */ = {
			isa = PBXFrameworksBuildPhase;
			buildActionMask = 2147483647;
			files = (
			);
			runOnlyForDeploymentPostprocessing = 0;
		};
		347D2B5B2942C288008BB801 /* Frameworks */ = {
			isa = PBXFrameworksBuildPhase;
			buildActionMask = 2147483647;
			files = (
			);
			runOnlyForDeploymentPostprocessing = 0;
		};
		347D2B682942DB8A008BB801 /* Frameworks */ = {
			isa = PBXFrameworksBuildPhase;
			buildActionMask = 2147483647;
			files = (
			);
			runOnlyForDeploymentPostprocessing = 0;
		};
		349C979C29444C0F00E4E740 /* Frameworks */ = {
			isa = PBXFrameworksBuildPhase;
			buildActionMask = 2147483647;
			files = (
			);
			runOnlyForDeploymentPostprocessing = 0;
		};
		34CF30B22945C3FE00094BD4 /* Frameworks */ = {
			isa = PBXFrameworksBuildPhase;
			buildActionMask = 2147483647;
			files = (
			);
			runOnlyForDeploymentPostprocessing = 0;
		};
		34CF30C52946FF5E00094BD4 /* Frameworks */ = {
			isa = PBXFrameworksBuildPhase;
			buildActionMask = 2147483647;
			files = (
			);
			runOnlyForDeploymentPostprocessing = 0;
		};
		34CF312329483E6800094BD4 /* Frameworks */ = {
			isa = PBXFrameworksBuildPhase;
			buildActionMask = 2147483647;
			files = (
			);
			runOnlyForDeploymentPostprocessing = 0;
		};
		34CF31322949FCE700094BD4 /* Frameworks */ = {
			isa = PBXFrameworksBuildPhase;
			buildActionMask = 2147483647;
			files = (
			);
			runOnlyForDeploymentPostprocessing = 0;
		};
		34CF3168294D810600094BD4 /* Frameworks */ = {
			isa = PBXFrameworksBuildPhase;
			buildActionMask = 2147483647;
			files = (
			);
			runOnlyForDeploymentPostprocessing = 0;
		};
		34CF3176294EDBF100094BD4 /* Frameworks */ = {
			isa = PBXFrameworksBuildPhase;
			buildActionMask = 2147483647;
			files = (
				34CF3184295070CD00094BD4 /* Algorithms in Frameworks */,
			);
			runOnlyForDeploymentPostprocessing = 0;
		};
		34CF31862952B55100094BD4 /* Frameworks */ = {
			isa = PBXFrameworksBuildPhase;
			buildActionMask = 2147483647;
			files = (
			);
			runOnlyForDeploymentPostprocessing = 0;
		};
		34CF31972955828000094BD4 /* Frameworks */ = {
			isa = PBXFrameworksBuildPhase;
			buildActionMask = 2147483647;
			files = (
			);
			runOnlyForDeploymentPostprocessing = 0;
		};
		34D0928D2942E3E200F29B05 /* Frameworks */ = {
			isa = PBXFrameworksBuildPhase;
			buildActionMask = 2147483647;
			files = (
			);
			runOnlyForDeploymentPostprocessing = 0;
		};
		34D0929A2943D02600F29B05 /* Frameworks */ = {
			isa = PBXFrameworksBuildPhase;
			buildActionMask = 2147483647;
			files = (
			);
			runOnlyForDeploymentPostprocessing = 0;
		};
		34D092A72943D51D00F29B05 /* Frameworks */ = {
			isa = PBXFrameworksBuildPhase;
			buildActionMask = 2147483647;
			files = (
			);
			runOnlyForDeploymentPostprocessing = 0;
		};
		34D092B42943E49000F29B05 /* Frameworks */ = {
			isa = PBXFrameworksBuildPhase;
			buildActionMask = 2147483647;
			files = (
			);
			runOnlyForDeploymentPostprocessing = 0;
		};
		34D092C12943F67500F29B05 /* Frameworks */ = {
			isa = PBXFrameworksBuildPhase;
			buildActionMask = 2147483647;
			files = (
			);
			runOnlyForDeploymentPostprocessing = 0;
		};
/* End PBXFrameworksBuildPhase section */

/* Begin PBXGroup section */
		34072D7129319D800030EB66 = {
			isa = PBXGroup;
			children = (
				34072D8F2932F6970030EB66 /* Utilities */,
				34072D8929319DB60030EB66 /* day1 */,
				341C5805293303810049BEE8 /* day2 */,
				347D2B5F2942C288008BB801 /* day3 */,
				347D2B6C2942DB8A008BB801 /* day4 */,
				34D092912942E3E200F29B05 /* day5 */,
				34D0929E2943D02600F29B05 /* day6 */,
				34D092AB2943D51D00F29B05 /* day7 */,
				34D092B82943E49100F29B05 /* day8 */,
				34D092C52943F67500F29B05 /* day9 */,
				349C97A029444C0F00E4E740 /* day10 */,
				34CF30B62945C3FE00094BD4 /* day11 */,
				34CF30C92946FF5E00094BD4 /* day12 */,
				34CF312729483E6800094BD4 /* day13 */,
				34CF31362949FCE700094BD4 /* day14 */,
				34CF316C294D810600094BD4 /* day15 */,
				34CF317A294EDBF100094BD4 /* day16 */,
				34CF318A2952B55200094BD4 /* day17 */,
				34CF319B2955828000094BD4 /* day18 */,
				34072D7B29319D800030EB66 /* Products */,
			);
			sourceTree = "<group>";
		};
		34072D7B29319D800030EB66 /* Products */ = {
			isa = PBXGroup;
			children = (
				34072D8829319DB60030EB66 /* day1 */,
				341C5804293303810049BEE8 /* day2 */,
				347D2B5E2942C288008BB801 /* day3 */,
				347D2B6B2942DB8A008BB801 /* day4 */,
				34D092902942E3E200F29B05 /* day5 */,
				34D0929D2943D02600F29B05 /* day6 */,
				34D092AA2943D51D00F29B05 /* day7 */,
				34D092B72943E49000F29B05 /* day8 */,
				34D092C42943F67500F29B05 /* day9 */,
				349C979F29444C0F00E4E740 /* day10 */,
				34CF30B52945C3FE00094BD4 /* day11 */,
				34CF30C82946FF5E00094BD4 /* day12 */,
				34CF312629483E6800094BD4 /* day13 */,
				34CF31352949FCE700094BD4 /* day14 */,
				34CF316B294D810600094BD4 /* day15 */,
				34CF3179294EDBF100094BD4 /* day16 */,
				34CF31892952B55200094BD4 /* day17 */,
				34CF319A2955828000094BD4 /* day18 */,
			);
			name = Products;
			sourceTree = "<group>";
		};
		34072D8929319DB60030EB66 /* day1 */ = {
			isa = PBXGroup;
			children = (
				34072D8A29319DB60030EB66 /* main.swift */,
				347D2B592942B376008BB801 /* input.txt */,
			);
			path = day1;
			sourceTree = "<group>";
		};
		34072D8F2932F6970030EB66 /* Utilities */ = {
			isa = PBXGroup;
			children = (
				34072D902932F6C80030EB66 /* Input.swift */,
				34CF30D42947040400094BD4 /* GridMap.swift */,
				34CF30D12947025300094BD4 /* Location2D.swift */,
				34CF3165294C3E6D00094BD4 /* Bounds2D.swift */,
				34CF3163294C3CAF00094BD4 /* HashMap2D.swift */,
				34CF31AC2955858600094BD4 /* Location3D.swift */,
				34CF31AE2955858D00094BD4 /* Bounds3D.swift */,
				34CF31AA2955857C00094BD4 /* HashMap3D.swift */,
				34CF3160294C3AD500094BD4 /* RGB.swift */,
			);
			name = Utilities;
			path = ../Utilities;
			sourceTree = "<group>";
		};
		341C5805293303810049BEE8 /* day2 */ = {
			isa = PBXGroup;
			children = (
				341C5806293303810049BEE8 /* main.swift */,
				341C580B2933039C0049BEE8 /* input.txt */,
			);
			path = day2;
			sourceTree = "<group>";
		};
		347D2B5F2942C288008BB801 /* day3 */ = {
			isa = PBXGroup;
			children = (
				347D2B602942C288008BB801 /* main.swift */,
				347D2B652942C295008BB801 /* input.txt */,
			);
			path = day3;
			sourceTree = "<group>";
		};
		347D2B6C2942DB8A008BB801 /* day4 */ = {
			isa = PBXGroup;
			children = (
				347D2B6D2942DB8A008BB801 /* main.swift */,
				347D2B722942DB97008BB801 /* input.txt */,
			);
			path = day4;
			sourceTree = "<group>";
		};
		349C97A029444C0F00E4E740 /* day10 */ = {
			isa = PBXGroup;
			children = (
				349C97A129444C0F00E4E740 /* main.swift */,
				349C97A629444C2100E4E740 /* input.txt */,
			);
			path = day10;
			sourceTree = "<group>";
		};
		34CF30B62945C3FE00094BD4 /* day11 */ = {
			isa = PBXGroup;
			children = (
				34CF30B72945C3FE00094BD4 /* main.swift */,
				34CF30BD2945C41300094BD4 /* input.txt */,
			);
			path = day11;
			sourceTree = "<group>";
		};
		34CF30C92946FF5E00094BD4 /* day12 */ = {
			isa = PBXGroup;
			children = (
				34CF30CA2946FF5E00094BD4 /* main.swift */,
				34CF30D02946FF7200094BD4 /* input.txt */,
			);
			path = day12;
			sourceTree = "<group>";
		};
		34CF312729483E6800094BD4 /* day13 */ = {
			isa = PBXGroup;
			children = (
				34CF312829483E6800094BD4 /* main.swift */,
				34CF312F29484E2A00094BD4 /* input.swift */,
				34CF312D29483E7200094BD4 /* input.txt */,
			);
			path = day13;
			sourceTree = "<group>";
		};
		34CF31362949FCE700094BD4 /* day14 */ = {
			isa = PBXGroup;
			children = (
				34CF31372949FCE700094BD4 /* main.swift */,
				34CF313C2949FCF800094BD4 /* input.txt */,
			);
			path = day14;
			sourceTree = "<group>";
		};
		34CF316C294D810600094BD4 /* day15 */ = {
			isa = PBXGroup;
			children = (
				34CF316D294D810600094BD4 /* main.swift */,
				34CF3172294D811800094BD4 /* input.txt */,
			);
			path = day15;
			sourceTree = "<group>";
		};
		34CF317A294EDBF100094BD4 /* day16 */ = {
			isa = PBXGroup;
			children = (
				34CF317B294EDBF100094BD4 /* main.swift */,
				34CF3180294EDBFB00094BD4 /* input.txt */,
			);
			path = day16;
			sourceTree = "<group>";
		};
		34CF318A2952B55200094BD4 /* day17 */ = {
			isa = PBXGroup;
			children = (
				34CF318B2952B55200094BD4 /* main.swift */,
				34CF31902952B56000094BD4 /* input.txt */,
			);
			path = day17;
			sourceTree = "<group>";
		};
		34CF319B2955828000094BD4 /* day18 */ = {
			isa = PBXGroup;
			children = (
				34CF319C2955828000094BD4 /* main.swift */,
				34CF31A12955828C00094BD4 /* input.txt */,
			);
			path = day18;
			sourceTree = "<group>";
		};
		34D092912942E3E200F29B05 /* day5 */ = {
			isa = PBXGroup;
			children = (
				34D092922942E3E200F29B05 /* main.swift */,
				34D092972942E3F000F29B05 /* input.txt */,
			);
			path = day5;
			sourceTree = "<group>";
		};
		34D0929E2943D02600F29B05 /* day6 */ = {
			isa = PBXGroup;
			children = (
				34D0929F2943D02600F29B05 /* main.swift */,
				34D092A42943D03200F29B05 /* input.txt */,
			);
			path = day6;
			sourceTree = "<group>";
		};
		34D092AB2943D51D00F29B05 /* day7 */ = {
			isa = PBXGroup;
			children = (
				34D092AC2943D51D00F29B05 /* main.swift */,
				34D092B12943D52800F29B05 /* input.txt */,
			);
			path = day7;
			sourceTree = "<group>";
		};
		34D092B82943E49100F29B05 /* day8 */ = {
			isa = PBXGroup;
			children = (
				34D092B92943E49100F29B05 /* main.swift */,
				34D092BF2943E4A900F29B05 /* input.txt */,
			);
			path = day8;
			sourceTree = "<group>";
		};
		34D092C52943F67500F29B05 /* day9 */ = {
			isa = PBXGroup;
			children = (
				34D092C62943F67500F29B05 /* main.swift */,
				34D092CC2943F68E00F29B05 /* input.txt */,
			);
			path = day9;
			sourceTree = "<group>";
		};
/* End PBXGroup section */

/* Begin PBXNativeTarget section */
		34072D8729319DB60030EB66 /* day1 */ = {
			isa = PBXNativeTarget;
			buildConfigurationList = 34072D8C29319DB60030EB66 /* Build configuration list for PBXNativeTarget "day1" */;
			buildPhases = (
				34072D8429319DB60030EB66 /* Sources */,
				34072D8529319DB60030EB66 /* Frameworks */,
				34072D8629319DB60030EB66 /* CopyFiles */,
			);
			buildRules = (
			);
			dependencies = (
			);
			name = day1;
			productName = day1.1;
			productReference = 34072D8829319DB60030EB66 /* day1 */;
			productType = "com.apple.product-type.tool";
		};
		341C5803293303810049BEE8 /* day2 */ = {
			isa = PBXNativeTarget;
			buildConfigurationList = 341C580A293303810049BEE8 /* Build configuration list for PBXNativeTarget "day2" */;
			buildPhases = (
				341C5800293303810049BEE8 /* Sources */,
				341C5801293303810049BEE8 /* Frameworks */,
				341C5802293303810049BEE8 /* CopyFiles */,
			);
			buildRules = (
			);
			dependencies = (
			);
			name = day2;
			productName = day2;
			productReference = 341C5804293303810049BEE8 /* day2 */;
			productType = "com.apple.product-type.tool";
		};
		347D2B5D2942C288008BB801 /* day3 */ = {
			isa = PBXNativeTarget;
			buildConfigurationList = 347D2B642942C288008BB801 /* Build configuration list for PBXNativeTarget "day3" */;
			buildPhases = (
				347D2B5A2942C288008BB801 /* Sources */,
				347D2B5B2942C288008BB801 /* Frameworks */,
				347D2B5C2942C288008BB801 /* CopyFiles */,
			);
			buildRules = (
			);
			dependencies = (
			);
			name = day3;
			productName = day3;
			productReference = 347D2B5E2942C288008BB801 /* day3 */;
			productType = "com.apple.product-type.tool";
		};
		347D2B6A2942DB8A008BB801 /* day4 */ = {
			isa = PBXNativeTarget;
			buildConfigurationList = 347D2B6F2942DB8A008BB801 /* Build configuration list for PBXNativeTarget "day4" */;
			buildPhases = (
				347D2B672942DB8A008BB801 /* Sources */,
				347D2B682942DB8A008BB801 /* Frameworks */,
				347D2B692942DB8A008BB801 /* CopyFiles */,
			);
			buildRules = (
			);
			dependencies = (
			);
			name = day4;
			productName = day4;
			productReference = 347D2B6B2942DB8A008BB801 /* day4 */;
			productType = "com.apple.product-type.tool";
		};
		349C979E29444C0F00E4E740 /* day10 */ = {
			isa = PBXNativeTarget;
			buildConfigurationList = 349C97A529444C0F00E4E740 /* Build configuration list for PBXNativeTarget "day10" */;
			buildPhases = (
				349C979B29444C0F00E4E740 /* Sources */,
				349C979C29444C0F00E4E740 /* Frameworks */,
				349C979D29444C0F00E4E740 /* CopyFiles */,
			);
			buildRules = (
			);
			dependencies = (
			);
			name = day10;
			productName = day10;
			productReference = 349C979F29444C0F00E4E740 /* day10 */;
			productType = "com.apple.product-type.tool";
		};
		34CF30B42945C3FE00094BD4 /* day11 */ = {
			isa = PBXNativeTarget;
			buildConfigurationList = 34CF30BB2945C3FE00094BD4 /* Build configuration list for PBXNativeTarget "day11" */;
			buildPhases = (
				34CF30B12945C3FE00094BD4 /* Sources */,
				34CF30B22945C3FE00094BD4 /* Frameworks */,
				34CF30B32945C3FE00094BD4 /* CopyFiles */,
			);
			buildRules = (
			);
			dependencies = (
			);
			name = day11;
			productName = day11;
			productReference = 34CF30B52945C3FE00094BD4 /* day11 */;
			productType = "com.apple.product-type.tool";
		};
		34CF30C72946FF5E00094BD4 /* day12 */ = {
			isa = PBXNativeTarget;
			buildConfigurationList = 34CF30CC2946FF5E00094BD4 /* Build configuration list for PBXNativeTarget "day12" */;
			buildPhases = (
				34CF30C42946FF5E00094BD4 /* Sources */,
				34CF30C52946FF5E00094BD4 /* Frameworks */,
				34CF30C62946FF5E00094BD4 /* CopyFiles */,
			);
			buildRules = (
			);
			dependencies = (
			);
			name = day12;
			productName = day12;
			productReference = 34CF30C82946FF5E00094BD4 /* day12 */;
			productType = "com.apple.product-type.tool";
		};
		34CF312529483E6800094BD4 /* day13 */ = {
			isa = PBXNativeTarget;
			buildConfigurationList = 34CF312C29483E6800094BD4 /* Build configuration list for PBXNativeTarget "day13" */;
			buildPhases = (
				34CF312229483E6800094BD4 /* Sources */,
				34CF312329483E6800094BD4 /* Frameworks */,
				34CF312429483E6800094BD4 /* CopyFiles */,
			);
			buildRules = (
			);
			dependencies = (
			);
			name = day13;
			productName = day13;
			productReference = 34CF312629483E6800094BD4 /* day13 */;
			productType = "com.apple.product-type.tool";
		};
		34CF31342949FCE700094BD4 /* day14 */ = {
			isa = PBXNativeTarget;
			buildConfigurationList = 34CF31392949FCE700094BD4 /* Build configuration list for PBXNativeTarget "day14" */;
			buildPhases = (
				34CF31312949FCE700094BD4 /* Sources */,
				34CF31322949FCE700094BD4 /* Frameworks */,
				34CF31332949FCE700094BD4 /* CopyFiles */,
			);
			buildRules = (
			);
			dependencies = (
			);
			name = day14;
			productName = day14;
			productReference = 34CF31352949FCE700094BD4 /* day14 */;
			productType = "com.apple.product-type.tool";
		};
		34CF316A294D810600094BD4 /* day15 */ = {
			isa = PBXNativeTarget;
			buildConfigurationList = 34CF316F294D810600094BD4 /* Build configuration list for PBXNativeTarget "day15" */;
			buildPhases = (
				34CF3167294D810600094BD4 /* Sources */,
				34CF3168294D810600094BD4 /* Frameworks */,
				34CF3169294D810600094BD4 /* CopyFiles */,
			);
			buildRules = (
			);
			dependencies = (
			);
			name = day15;
			productName = day15;
			productReference = 34CF316B294D810600094BD4 /* day15 */;
			productType = "com.apple.product-type.tool";
		};
		34CF3178294EDBF100094BD4 /* day16 */ = {
			isa = PBXNativeTarget;
			buildConfigurationList = 34CF317D294EDBF100094BD4 /* Build configuration list for PBXNativeTarget "day16" */;
			buildPhases = (
				34CF3175294EDBF100094BD4 /* Sources */,
				34CF3176294EDBF100094BD4 /* Frameworks */,
				34CF3177294EDBF100094BD4 /* CopyFiles */,
			);
			buildRules = (
			);
			dependencies = (
			);
			name = day16;
			packageProductDependencies = (
				34CF3183295070CD00094BD4 /* Algorithms */,
			);
			productName = day16;
			productReference = 34CF3179294EDBF100094BD4 /* day16 */;
			productType = "com.apple.product-type.tool";
		};
		34CF31882952B55100094BD4 /* day17 */ = {
			isa = PBXNativeTarget;
			buildConfigurationList = 34CF318D2952B55200094BD4 /* Build configuration list for PBXNativeTarget "day17" */;
			buildPhases = (
				34CF31852952B55100094BD4 /* Sources */,
				34CF31862952B55100094BD4 /* Frameworks */,
				34CF31872952B55100094BD4 /* CopyFiles */,
			);
			buildRules = (
			);
			dependencies = (
			);
			name = day17;
			productName = day17;
			productReference = 34CF31892952B55200094BD4 /* day17 */;
			productType = "com.apple.product-type.tool";
		};
		34CF31992955828000094BD4 /* day18 */ = {
			isa = PBXNativeTarget;
			buildConfigurationList = 34CF319E2955828000094BD4 /* Build configuration list for PBXNativeTarget "day18" */;
			buildPhases = (
				34CF31962955828000094BD4 /* Sources */,
				34CF31972955828000094BD4 /* Frameworks */,
				34CF31982955828000094BD4 /* CopyFiles */,
			);
			buildRules = (
			);
			dependencies = (
			);
			name = day18;
			productName = day18;
			productReference = 34CF319A2955828000094BD4 /* day18 */;
			productType = "com.apple.product-type.tool";
		};
		34D0928F2942E3E200F29B05 /* day5 */ = {
			isa = PBXNativeTarget;
			buildConfigurationList = 34D092942942E3E200F29B05 /* Build configuration list for PBXNativeTarget "day5" */;
			buildPhases = (
				34D0928C2942E3E200F29B05 /* Sources */,
				34D0928D2942E3E200F29B05 /* Frameworks */,
				34D0928E2942E3E200F29B05 /* CopyFiles */,
			);
			buildRules = (
			);
			dependencies = (
			);
			name = day5;
			productName = day5;
			productReference = 34D092902942E3E200F29B05 /* day5 */;
			productType = "com.apple.product-type.tool";
		};
		34D0929C2943D02600F29B05 /* day6 */ = {
			isa = PBXNativeTarget;
			buildConfigurationList = 34D092A12943D02600F29B05 /* Build configuration list for PBXNativeTarget "day6" */;
			buildPhases = (
				34D092992943D02600F29B05 /* Sources */,
				34D0929A2943D02600F29B05 /* Frameworks */,
				34D0929B2943D02600F29B05 /* CopyFiles */,
			);
			buildRules = (
			);
			dependencies = (
			);
			name = day6;
			productName = day6;
			productReference = 34D0929D2943D02600F29B05 /* day6 */;
			productType = "com.apple.product-type.tool";
		};
		34D092A92943D51D00F29B05 /* day7 */ = {
			isa = PBXNativeTarget;
			buildConfigurationList = 34D092AE2943D51D00F29B05 /* Build configuration list for PBXNativeTarget "day7" */;
			buildPhases = (
				34D092A62943D51D00F29B05 /* Sources */,
				34D092A72943D51D00F29B05 /* Frameworks */,
				34D092A82943D51D00F29B05 /* CopyFiles */,
			);
			buildRules = (
			);
			dependencies = (
			);
			name = day7;
			productName = day7;
			productReference = 34D092AA2943D51D00F29B05 /* day7 */;
			productType = "com.apple.product-type.tool";
		};
		34D092B62943E49000F29B05 /* day8 */ = {
			isa = PBXNativeTarget;
			buildConfigurationList = 34D092BB2943E49100F29B05 /* Build configuration list for PBXNativeTarget "day8" */;
			buildPhases = (
				34D092B32943E49000F29B05 /* Sources */,
				34D092B42943E49000F29B05 /* Frameworks */,
				34D092B52943E49000F29B05 /* CopyFiles */,
			);
			buildRules = (
			);
			dependencies = (
			);
			name = day8;
			productName = day8;
			productReference = 34D092B72943E49000F29B05 /* day8 */;
			productType = "com.apple.product-type.tool";
		};
		34D092C32943F67500F29B05 /* day9 */ = {
			isa = PBXNativeTarget;
			buildConfigurationList = 34D092C82943F67500F29B05 /* Build configuration list for PBXNativeTarget "day9" */;
			buildPhases = (
				34D092C02943F67500F29B05 /* Sources */,
				34D092C12943F67500F29B05 /* Frameworks */,
				34D092C22943F67500F29B05 /* CopyFiles */,
			);
			buildRules = (
			);
			dependencies = (
			);
			name = day9;
			productName = day9;
			productReference = 34D092C42943F67500F29B05 /* day9 */;
			productType = "com.apple.product-type.tool";
		};
/* End PBXNativeTarget section */

/* Begin PBXProject section */
		34072D7229319D800030EB66 /* Project object */ = {
			isa = PBXProject;
			attributes = {
				BuildIndependentTargetsInParallel = 1;
				LastSwiftUpdateCheck = 1420;
				LastUpgradeCheck = 1410;
				TargetAttributes = {
					34072D8729319DB60030EB66 = {
						CreatedOnToolsVersion = 14.1;
					};
					341C5803293303810049BEE8 = {
						CreatedOnToolsVersion = 14.1;
					};
					347D2B5D2942C288008BB801 = {
						CreatedOnToolsVersion = 14.1;
					};
					347D2B6A2942DB8A008BB801 = {
						CreatedOnToolsVersion = 14.1;
					};
					349C979E29444C0F00E4E740 = {
						CreatedOnToolsVersion = 14.1;
					};
					34CF30B42945C3FE00094BD4 = {
						CreatedOnToolsVersion = 14.2;
					};
					34CF30C72946FF5E00094BD4 = {
						CreatedOnToolsVersion = 14.2;
					};
					34CF312529483E6800094BD4 = {
						CreatedOnToolsVersion = 14.2;
					};
					34CF31342949FCE700094BD4 = {
						CreatedOnToolsVersion = 14.2;
					};
					34CF3140294C3A7700094BD4 = {
						CreatedOnToolsVersion = 14.2;
					};
					34CF316A294D810600094BD4 = {
						CreatedOnToolsVersion = 14.2;
					};
					34CF3178294EDBF100094BD4 = {
						CreatedOnToolsVersion = 14.2;
					};
					34CF31882952B55100094BD4 = {
						CreatedOnToolsVersion = 14.2;
					};
					34CF31992955828000094BD4 = {
						CreatedOnToolsVersion = 14.2;
					};
					34D0928F2942E3E200F29B05 = {
						CreatedOnToolsVersion = 14.1;
					};
					34D0929C2943D02600F29B05 = {
						CreatedOnToolsVersion = 14.1;
					};
					34D092A92943D51D00F29B05 = {
						CreatedOnToolsVersion = 14.1;
					};
					34D092B62943E49000F29B05 = {
						CreatedOnToolsVersion = 14.1;
					};
					34D092C32943F67500F29B05 = {
						CreatedOnToolsVersion = 14.1;
					};
				};
			};
			buildConfigurationList = 34072D7529319D800030EB66 /* Build configuration list for PBXProject "AdventOfCode-2022" */;
			compatibilityVersion = "Xcode 14.0";
			developmentRegion = en;
			hasScannedForEncodings = 0;
			knownRegions = (
				en,
				Base,
			);
			mainGroup = 34072D7129319D800030EB66;
			packageReferences = (
				34CF3182295070CD00094BD4 /* XCRemoteSwiftPackageReference "swift-algorithms" */,
			);
			productRefGroup = 34072D7B29319D800030EB66 /* Products */;
			projectDirPath = "";
			projectRoot = "";
			targets = (
				34CF3140294C3A7700094BD4 /* All */,
				34072D8729319DB60030EB66 /* day1 */,
				341C5803293303810049BEE8 /* day2 */,
				347D2B5D2942C288008BB801 /* day3 */,
				347D2B6A2942DB8A008BB801 /* day4 */,
				34D0928F2942E3E200F29B05 /* day5 */,
				34D0929C2943D02600F29B05 /* day6 */,
				34D092A92943D51D00F29B05 /* day7 */,
				34D092B62943E49000F29B05 /* day8 */,
				34D092C32943F67500F29B05 /* day9 */,
				349C979E29444C0F00E4E740 /* day10 */,
				34CF30B42945C3FE00094BD4 /* day11 */,
				34CF30C72946FF5E00094BD4 /* day12 */,
				34CF312529483E6800094BD4 /* day13 */,
				34CF31342949FCE700094BD4 /* day14 */,
				34CF316A294D810600094BD4 /* day15 */,
				34CF3178294EDBF100094BD4 /* day16 */,
				34CF31882952B55100094BD4 /* day17 */,
				34CF31992955828000094BD4 /* day18 */,
			);
		};
/* End PBXProject section */

/* Begin PBXSourcesBuildPhase section */
		34072D8429319DB60030EB66 /* Sources */ = {
			isa = PBXSourcesBuildPhase;
			buildActionMask = 2147483647;
			files = (
				34072D912932F6C80030EB66 /* Input.swift in Sources */,
				34072D8B29319DB60030EB66 /* main.swift in Sources */,
			);
			runOnlyForDeploymentPostprocessing = 0;
		};
		341C5800293303810049BEE8 /* Sources */ = {
			isa = PBXSourcesBuildPhase;
			buildActionMask = 2147483647;
			files = (
				341C580C293304000049BEE8 /* Input.swift in Sources */,
				341C5807293303810049BEE8 /* main.swift in Sources */,
			);
			runOnlyForDeploymentPostprocessing = 0;
		};
		347D2B5A2942C288008BB801 /* Sources */ = {
			isa = PBXSourcesBuildPhase;
			buildActionMask = 2147483647;
			files = (
				347D2B662942C5EC008BB801 /* Input.swift in Sources */,
				347D2B612942C288008BB801 /* main.swift in Sources */,
			);
			runOnlyForDeploymentPostprocessing = 0;
		};
		347D2B672942DB8A008BB801 /* Sources */ = {
			isa = PBXSourcesBuildPhase;
			buildActionMask = 2147483647;
			files = (
				34D0928B2942E01000F29B05 /* Input.swift in Sources */,
				347D2B6E2942DB8A008BB801 /* main.swift in Sources */,
			);
			runOnlyForDeploymentPostprocessing = 0;
		};
		349C979B29444C0F00E4E740 /* Sources */ = {
			isa = PBXSourcesBuildPhase;
			buildActionMask = 2147483647;
			files = (
				349C97A729444C2800E4E740 /* Input.swift in Sources */,
				349C97A229444C0F00E4E740 /* main.swift in Sources */,
			);
			runOnlyForDeploymentPostprocessing = 0;
		};
		34CF30B12945C3FE00094BD4 /* Sources */ = {
			isa = PBXSourcesBuildPhase;
			buildActionMask = 2147483647;
			files = (
				34CF30BC2945C40400094BD4 /* Input.swift in Sources */,
				34CF30B82945C3FE00094BD4 /* main.swift in Sources */,
			);
			runOnlyForDeploymentPostprocessing = 0;
		};
		34CF30C42946FF5E00094BD4 /* Sources */ = {
			isa = PBXSourcesBuildPhase;
			buildActionMask = 2147483647;
			files = (
				34CF3162294C3AF500094BD4 /* RGB.swift in Sources */,
				34CF30CF2946FF6400094BD4 /* Input.swift in Sources */,
				34CF30D22947025300094BD4 /* Location2D.swift in Sources */,
				34CF30CB2946FF5E00094BD4 /* main.swift in Sources */,
				34CF30D52947040400094BD4 /* GridMap.swift in Sources */,
			);
			runOnlyForDeploymentPostprocessing = 0;
		};
		34CF312229483E6800094BD4 /* Sources */ = {
			isa = PBXSourcesBuildPhase;
			buildActionMask = 2147483647;
			files = (
				34CF312E2948405A00094BD4 /* Input.swift in Sources */,
				34CF313029484E2A00094BD4 /* input.swift in Sources */,
				34CF312929483E6800094BD4 /* main.swift in Sources */,
			);
			runOnlyForDeploymentPostprocessing = 0;
		};
		34CF31312949FCE700094BD4 /* Sources */ = {
			isa = PBXSourcesBuildPhase;
			buildActionMask = 2147483647;
			files = (
				34CF3161294C3AD500094BD4 /* RGB.swift in Sources */,
				34CF3166294C3E6D00094BD4 /* Bounds2D.swift in Sources */,
				34CF313E294C022B00094BD4 /* Input.swift in Sources */,
				34CF3164294C3CAF00094BD4 /* HashMap2D.swift in Sources */,
				34CF313D294C022B00094BD4 /* Location2D.swift in Sources */,
				34CF31382949FCE700094BD4 /* main.swift in Sources */,
				34CF313F294C022B00094BD4 /* GridMap.swift in Sources */,
			);
			runOnlyForDeploymentPostprocessing = 0;
		};
		34CF3167294D810600094BD4 /* Sources */ = {
			isa = PBXSourcesBuildPhase;
			buildActionMask = 2147483647;
			files = (
				34CF3174294D82F200094BD4 /* Input.swift in Sources */,
				34CF3173294D82A000094BD4 /* Location2D.swift in Sources */,
				34CF316E294D810600094BD4 /* main.swift in Sources */,
			);
			runOnlyForDeploymentPostprocessing = 0;
		};
		34CF3175294EDBF100094BD4 /* Sources */ = {
			isa = PBXSourcesBuildPhase;
			buildActionMask = 2147483647;
			files = (
				34CF3181294EDFD600094BD4 /* Input.swift in Sources */,
				34CF317C294EDBF100094BD4 /* main.swift in Sources */,
			);
			runOnlyForDeploymentPostprocessing = 0;
		};
		34CF31852952B55100094BD4 /* Sources */ = {
			isa = PBXSourcesBuildPhase;
			buildActionMask = 2147483647;
			files = (
				34CF31912952B89B00094BD4 /* Location2D.swift in Sources */,
				34CF31942952D25300094BD4 /* Bounds2D.swift in Sources */,
				34CF318C2952B55200094BD4 /* main.swift in Sources */,
				34CF31952952D25B00094BD4 /* RGB.swift in Sources */,
				34CF31932952BA9F00094BD4 /* Input.swift in Sources */,
				34CF31922952B89E00094BD4 /* HashMap2D.swift in Sources */,
			);
			runOnlyForDeploymentPostprocessing = 0;
		};
		34CF31962955828000094BD4 /* Sources */ = {
			isa = PBXSourcesBuildPhase;
			buildActionMask = 2147483647;
			files = (
				34CF31B02955878E00094BD4 /* Input.swift in Sources */,
				34CF319D2955828000094BD4 /* main.swift in Sources */,
				34CF31AD2955858600094BD4 /* Location3D.swift in Sources */,
				34CF31AB2955857C00094BD4 /* HashMap3D.swift in Sources */,
				34CF31AF2955858D00094BD4 /* Bounds3D.swift in Sources */,
			);
			runOnlyForDeploymentPostprocessing = 0;
		};
		34D0928C2942E3E200F29B05 /* Sources */ = {
			isa = PBXSourcesBuildPhase;
			buildActionMask = 2147483647;
			files = (
				34D092982942E3F500F29B05 /* Input.swift in Sources */,
				34D092932942E3E200F29B05 /* main.swift in Sources */,
			);
			runOnlyForDeploymentPostprocessing = 0;
		};
		34D092992943D02600F29B05 /* Sources */ = {
			isa = PBXSourcesBuildPhase;
			buildActionMask = 2147483647;
			files = (
				34D092A52943D03700F29B05 /* Input.swift in Sources */,
				34D092A02943D02600F29B05 /* main.swift in Sources */,
			);
			runOnlyForDeploymentPostprocessing = 0;
		};
		34D092A62943D51D00F29B05 /* Sources */ = {
			isa = PBXSourcesBuildPhase;
			buildActionMask = 2147483647;
			files = (
				34D092B22943D52D00F29B05 /* Input.swift in Sources */,
				34D092AD2943D51D00F29B05 /* main.swift in Sources */,
			);
			runOnlyForDeploymentPostprocessing = 0;
		};
		34D092B32943E49000F29B05 /* Sources */ = {
			isa = PBXSourcesBuildPhase;
			buildActionMask = 2147483647;
			files = (
				34D092BE2943E49C00F29B05 /* Input.swift in Sources */,
				34D092BA2943E49100F29B05 /* main.swift in Sources */,
			);
			runOnlyForDeploymentPostprocessing = 0;
		};
		34D092C02943F67500F29B05 /* Sources */ = {
			isa = PBXSourcesBuildPhase;
			buildActionMask = 2147483647;
			files = (
				34D092CB2943F67F00F29B05 /* Input.swift in Sources */,
				34CF30D32947026900094BD4 /* Location2D.swift in Sources */,
				34D092C72943F67500F29B05 /* main.swift in Sources */,
			);
			runOnlyForDeploymentPostprocessing = 0;
		};
/* End PBXSourcesBuildPhase section */

/* Begin PBXTargetDependency section */
		34CF3145294C3A9300094BD4 /* PBXTargetDependency */ = {
			isa = PBXTargetDependency;
			target = 34072D8729319DB60030EB66 /* day1 */;
			targetProxy = 34CF3144294C3A9300094BD4 /* PBXContainerItemProxy */;
		};
		34CF3147294C3A9300094BD4 /* PBXTargetDependency */ = {
			isa = PBXTargetDependency;
			target = 349C979E29444C0F00E4E740 /* day10 */;
			targetProxy = 34CF3146294C3A9300094BD4 /* PBXContainerItemProxy */;
		};
		34CF3149294C3A9300094BD4 /* PBXTargetDependency */ = {
			isa = PBXTargetDependency;
			target = 34CF30B42945C3FE00094BD4 /* day11 */;
			targetProxy = 34CF3148294C3A9300094BD4 /* PBXContainerItemProxy */;
		};
		34CF314B294C3A9300094BD4 /* PBXTargetDependency */ = {
			isa = PBXTargetDependency;
			target = 34CF30C72946FF5E00094BD4 /* day12 */;
			targetProxy = 34CF314A294C3A9300094BD4 /* PBXContainerItemProxy */;
		};
		34CF314D294C3A9300094BD4 /* PBXTargetDependency */ = {
			isa = PBXTargetDependency;
			target = 34CF312529483E6800094BD4 /* day13 */;
			targetProxy = 34CF314C294C3A9300094BD4 /* PBXContainerItemProxy */;
		};
		34CF314F294C3A9300094BD4 /* PBXTargetDependency */ = {
			isa = PBXTargetDependency;
			target = 34CF31342949FCE700094BD4 /* day14 */;
			targetProxy = 34CF314E294C3A9300094BD4 /* PBXContainerItemProxy */;
		};
		34CF3151294C3A9300094BD4 /* PBXTargetDependency */ = {
			isa = PBXTargetDependency;
			target = 341C5803293303810049BEE8 /* day2 */;
			targetProxy = 34CF3150294C3A9300094BD4 /* PBXContainerItemProxy */;
		};
		34CF3153294C3A9300094BD4 /* PBXTargetDependency */ = {
			isa = PBXTargetDependency;
			target = 347D2B5D2942C288008BB801 /* day3 */;
			targetProxy = 34CF3152294C3A9300094BD4 /* PBXContainerItemProxy */;
		};
		34CF3155294C3A9300094BD4 /* PBXTargetDependency */ = {
			isa = PBXTargetDependency;
			target = 347D2B6A2942DB8A008BB801 /* day4 */;
			targetProxy = 34CF3154294C3A9300094BD4 /* PBXContainerItemProxy */;
		};
		34CF3157294C3A9300094BD4 /* PBXTargetDependency */ = {
			isa = PBXTargetDependency;
			target = 34D0928F2942E3E200F29B05 /* day5 */;
			targetProxy = 34CF3156294C3A9300094BD4 /* PBXContainerItemProxy */;
		};
		34CF3159294C3A9300094BD4 /* PBXTargetDependency */ = {
			isa = PBXTargetDependency;
			target = 34D0929C2943D02600F29B05 /* day6 */;
			targetProxy = 34CF3158294C3A9300094BD4 /* PBXContainerItemProxy */;
		};
		34CF315B294C3A9300094BD4 /* PBXTargetDependency */ = {
			isa = PBXTargetDependency;
			target = 34D092A92943D51D00F29B05 /* day7 */;
			targetProxy = 34CF315A294C3A9300094BD4 /* PBXContainerItemProxy */;
		};
		34CF315D294C3A9300094BD4 /* PBXTargetDependency */ = {
			isa = PBXTargetDependency;
			target = 34D092B62943E49000F29B05 /* day8 */;
			targetProxy = 34CF315C294C3A9300094BD4 /* PBXContainerItemProxy */;
		};
		34CF315F294C3A9300094BD4 /* PBXTargetDependency */ = {
			isa = PBXTargetDependency;
			target = 34D092C32943F67500F29B05 /* day9 */;
			targetProxy = 34CF315E294C3A9300094BD4 /* PBXContainerItemProxy */;
		};
		34CF31A3295583DB00094BD4 /* PBXTargetDependency */ = {
			isa = PBXTargetDependency;
			target = 34CF316A294D810600094BD4 /* day15 */;
			targetProxy = 34CF31A2295583DB00094BD4 /* PBXContainerItemProxy */;
		};
		34CF31A5295583DB00094BD4 /* PBXTargetDependency */ = {
			isa = PBXTargetDependency;
			target = 34CF3178294EDBF100094BD4 /* day16 */;
			targetProxy = 34CF31A4295583DB00094BD4 /* PBXContainerItemProxy */;
		};
		34CF31A7295583DB00094BD4 /* PBXTargetDependency */ = {
			isa = PBXTargetDependency;
			target = 34CF31882952B55100094BD4 /* day17 */;
			targetProxy = 34CF31A6295583DB00094BD4 /* PBXContainerItemProxy */;
		};
		34CF31A9295583DB00094BD4 /* PBXTargetDependency */ = {
			isa = PBXTargetDependency;
			target = 34CF31992955828000094BD4 /* day18 */;
			targetProxy = 34CF31A8295583DB00094BD4 /* PBXContainerItemProxy */;
		};
/* End PBXTargetDependency section */

/* Begin XCBuildConfiguration section */
		34072D7F29319D800030EB66 /* Debug */ = {
			isa = XCBuildConfiguration;
			buildSettings = {
				ALWAYS_SEARCH_USER_PATHS = NO;
				CLANG_ANALYZER_NONNULL = YES;
				CLANG_ANALYZER_NUMBER_OBJECT_CONVERSION = YES_AGGRESSIVE;
				CLANG_CXX_LANGUAGE_STANDARD = "gnu++20";
				CLANG_ENABLE_MODULES = YES;
				CLANG_ENABLE_OBJC_ARC = YES;
				CLANG_ENABLE_OBJC_WEAK = YES;
				CLANG_WARN_BLOCK_CAPTURE_AUTORELEASING = YES;
				CLANG_WARN_BOOL_CONVERSION = YES;
				CLANG_WARN_COMMA = YES;
				CLANG_WARN_CONSTANT_CONVERSION = YES;
				CLANG_WARN_DEPRECATED_OBJC_IMPLEMENTATIONS = YES;
				CLANG_WARN_DIRECT_OBJC_ISA_USAGE = YES_ERROR;
				CLANG_WARN_DOCUMENTATION_COMMENTS = YES;
				CLANG_WARN_EMPTY_BODY = YES;
				CLANG_WARN_ENUM_CONVERSION = YES;
				CLANG_WARN_INFINITE_RECURSION = YES;
				CLANG_WARN_INT_CONVERSION = YES;
				CLANG_WARN_NON_LITERAL_NULL_CONVERSION = YES;
				CLANG_WARN_OBJC_IMPLICIT_RETAIN_SELF = YES;
				CLANG_WARN_OBJC_LITERAL_CONVERSION = YES;
				CLANG_WARN_OBJC_ROOT_CLASS = YES_ERROR;
				CLANG_WARN_QUOTED_INCLUDE_IN_FRAMEWORK_HEADER = YES;
				CLANG_WARN_RANGE_LOOP_ANALYSIS = YES;
				CLANG_WARN_STRICT_PROTOTYPES = YES;
				CLANG_WARN_SUSPICIOUS_MOVE = YES;
				CLANG_WARN_UNGUARDED_AVAILABILITY = YES_AGGRESSIVE;
				CLANG_WARN_UNREACHABLE_CODE = YES;
				CLANG_WARN__DUPLICATE_METHOD_MATCH = YES;
				COPY_PHASE_STRIP = NO;
				DEBUG_INFORMATION_FORMAT = dwarf;
				ENABLE_STRICT_OBJC_MSGSEND = YES;
				ENABLE_TESTABILITY = YES;
				GCC_C_LANGUAGE_STANDARD = gnu11;
				GCC_DYNAMIC_NO_PIC = NO;
				GCC_NO_COMMON_BLOCKS = YES;
				GCC_OPTIMIZATION_LEVEL = 0;
				GCC_PREPROCESSOR_DEFINITIONS = (
					"DEBUG=1",
					"$(inherited)",
				);
				GCC_WARN_64_TO_32_BIT_CONVERSION = YES;
				GCC_WARN_ABOUT_RETURN_TYPE = YES_ERROR;
				GCC_WARN_UNDECLARED_SELECTOR = YES;
				GCC_WARN_UNINITIALIZED_AUTOS = YES_AGGRESSIVE;
				GCC_WARN_UNUSED_FUNCTION = YES;
				GCC_WARN_UNUSED_VARIABLE = YES;
				MACOSX_DEPLOYMENT_TARGET = 12.6;
				MTL_ENABLE_DEBUG_INFO = INCLUDE_SOURCE;
				MTL_FAST_MATH = YES;
				ONLY_ACTIVE_ARCH = YES;
				SDKROOT = macosx;
				SWIFT_ACTIVE_COMPILATION_CONDITIONS = DEBUG;
				SWIFT_OPTIMIZATION_LEVEL = "-Onone";
			};
			name = Debug;
		};
		34072D8029319D800030EB66 /* Release */ = {
			isa = XCBuildConfiguration;
			buildSettings = {
				ALWAYS_SEARCH_USER_PATHS = NO;
				CLANG_ANALYZER_NONNULL = YES;
				CLANG_ANALYZER_NUMBER_OBJECT_CONVERSION = YES_AGGRESSIVE;
				CLANG_CXX_LANGUAGE_STANDARD = "gnu++20";
				CLANG_ENABLE_MODULES = YES;
				CLANG_ENABLE_OBJC_ARC = YES;
				CLANG_ENABLE_OBJC_WEAK = YES;
				CLANG_WARN_BLOCK_CAPTURE_AUTORELEASING = YES;
				CLANG_WARN_BOOL_CONVERSION = YES;
				CLANG_WARN_COMMA = YES;
				CLANG_WARN_CONSTANT_CONVERSION = YES;
				CLANG_WARN_DEPRECATED_OBJC_IMPLEMENTATIONS = YES;
				CLANG_WARN_DIRECT_OBJC_ISA_USAGE = YES_ERROR;
				CLANG_WARN_DOCUMENTATION_COMMENTS = YES;
				CLANG_WARN_EMPTY_BODY = YES;
				CLANG_WARN_ENUM_CONVERSION = YES;
				CLANG_WARN_INFINITE_RECURSION = YES;
				CLANG_WARN_INT_CONVERSION = YES;
				CLANG_WARN_NON_LITERAL_NULL_CONVERSION = YES;
				CLANG_WARN_OBJC_IMPLICIT_RETAIN_SELF = YES;
				CLANG_WARN_OBJC_LITERAL_CONVERSION = YES;
				CLANG_WARN_OBJC_ROOT_CLASS = YES_ERROR;
				CLANG_WARN_QUOTED_INCLUDE_IN_FRAMEWORK_HEADER = YES;
				CLANG_WARN_RANGE_LOOP_ANALYSIS = YES;
				CLANG_WARN_STRICT_PROTOTYPES = YES;
				CLANG_WARN_SUSPICIOUS_MOVE = YES;
				CLANG_WARN_UNGUARDED_AVAILABILITY = YES_AGGRESSIVE;
				CLANG_WARN_UNREACHABLE_CODE = YES;
				CLANG_WARN__DUPLICATE_METHOD_MATCH = YES;
				COPY_PHASE_STRIP = NO;
				DEBUG_INFORMATION_FORMAT = "dwarf-with-dsym";
				ENABLE_NS_ASSERTIONS = NO;
				ENABLE_STRICT_OBJC_MSGSEND = YES;
				GCC_C_LANGUAGE_STANDARD = gnu11;
				GCC_NO_COMMON_BLOCKS = YES;
				GCC_WARN_64_TO_32_BIT_CONVERSION = YES;
				GCC_WARN_ABOUT_RETURN_TYPE = YES_ERROR;
				GCC_WARN_UNDECLARED_SELECTOR = YES;
				GCC_WARN_UNINITIALIZED_AUTOS = YES_AGGRESSIVE;
				GCC_WARN_UNUSED_FUNCTION = YES;
				GCC_WARN_UNUSED_VARIABLE = YES;
				MACOSX_DEPLOYMENT_TARGET = 12.6;
				MTL_ENABLE_DEBUG_INFO = NO;
				MTL_FAST_MATH = YES;
				SDKROOT = macosx;
				SWIFT_COMPILATION_MODE = wholemodule;
				SWIFT_OPTIMIZATION_LEVEL = "-O";
			};
			name = Release;
		};
		34072D8D29319DB60030EB66 /* Debug */ = {
			isa = XCBuildConfiguration;
			buildSettings = {
				CODE_SIGN_STYLE = Automatic;
				DEVELOPMENT_TEAM = 2C7DZBMPU6;
				ENABLE_HARDENED_RUNTIME = YES;
				PRODUCT_NAME = "$(TARGET_NAME)";
				SWIFT_VERSION = 5.0;
			};
			name = Debug;
		};
		34072D8E29319DB60030EB66 /* Release */ = {
			isa = XCBuildConfiguration;
			buildSettings = {
				CODE_SIGN_STYLE = Automatic;
				DEVELOPMENT_TEAM = 2C7DZBMPU6;
				ENABLE_HARDENED_RUNTIME = YES;
				PRODUCT_NAME = "$(TARGET_NAME)";
				SWIFT_VERSION = 5.0;
			};
			name = Release;
		};
		341C5808293303810049BEE8 /* Debug */ = {
			isa = XCBuildConfiguration;
			buildSettings = {
				CODE_SIGN_STYLE = Automatic;
				DEVELOPMENT_TEAM = 2C7DZBMPU6;
				ENABLE_HARDENED_RUNTIME = YES;
				PRODUCT_NAME = "$(TARGET_NAME)";
				SWIFT_VERSION = 5.0;
			};
			name = Debug;
		};
		341C5809293303810049BEE8 /* Release */ = {
			isa = XCBuildConfiguration;
			buildSettings = {
				CODE_SIGN_STYLE = Automatic;
				DEVELOPMENT_TEAM = 2C7DZBMPU6;
				ENABLE_HARDENED_RUNTIME = YES;
				PRODUCT_NAME = "$(TARGET_NAME)";
				SWIFT_VERSION = 5.0;
			};
			name = Release;
		};
		347D2B622942C288008BB801 /* Debug */ = {
			isa = XCBuildConfiguration;
			buildSettings = {
				CODE_SIGN_STYLE = Automatic;
				DEVELOPMENT_TEAM = 2C7DZBMPU6;
				ENABLE_HARDENED_RUNTIME = YES;
				PRODUCT_NAME = "$(TARGET_NAME)";
				SWIFT_VERSION = 5.0;
			};
			name = Debug;
		};
		347D2B632942C288008BB801 /* Release */ = {
			isa = XCBuildConfiguration;
			buildSettings = {
				CODE_SIGN_STYLE = Automatic;
				DEVELOPMENT_TEAM = 2C7DZBMPU6;
				ENABLE_HARDENED_RUNTIME = YES;
				PRODUCT_NAME = "$(TARGET_NAME)";
				SWIFT_VERSION = 5.0;
			};
			name = Release;
		};
		347D2B702942DB8A008BB801 /* Debug */ = {
			isa = XCBuildConfiguration;
			buildSettings = {
				CODE_SIGN_STYLE = Automatic;
				DEVELOPMENT_TEAM = 2C7DZBMPU6;
				ENABLE_HARDENED_RUNTIME = YES;
				PRODUCT_NAME = "$(TARGET_NAME)";
				SWIFT_VERSION = 5.0;
			};
			name = Debug;
		};
		347D2B712942DB8A008BB801 /* Release */ = {
			isa = XCBuildConfiguration;
			buildSettings = {
				CODE_SIGN_STYLE = Automatic;
				DEVELOPMENT_TEAM = 2C7DZBMPU6;
				ENABLE_HARDENED_RUNTIME = YES;
				PRODUCT_NAME = "$(TARGET_NAME)";
				SWIFT_VERSION = 5.0;
			};
			name = Release;
		};
		349C97A329444C0F00E4E740 /* Debug */ = {
			isa = XCBuildConfiguration;
			buildSettings = {
				CODE_SIGN_STYLE = Automatic;
				DEVELOPMENT_TEAM = 2C7DZBMPU6;
				ENABLE_HARDENED_RUNTIME = YES;
				PRODUCT_NAME = "$(TARGET_NAME)";
				SWIFT_VERSION = 5.0;
			};
			name = Debug;
		};
		349C97A429444C0F00E4E740 /* Release */ = {
			isa = XCBuildConfiguration;
			buildSettings = {
				CODE_SIGN_STYLE = Automatic;
				DEVELOPMENT_TEAM = 2C7DZBMPU6;
				ENABLE_HARDENED_RUNTIME = YES;
				PRODUCT_NAME = "$(TARGET_NAME)";
				SWIFT_VERSION = 5.0;
			};
			name = Release;
		};
		34CF30B92945C3FE00094BD4 /* Debug */ = {
			isa = XCBuildConfiguration;
			buildSettings = {
				CODE_SIGN_STYLE = Automatic;
				DEVELOPMENT_TEAM = 2C7DZBMPU6;
				ENABLE_HARDENED_RUNTIME = YES;
				MACOSX_DEPLOYMENT_TARGET = 13.0;
				PRODUCT_NAME = "$(TARGET_NAME)";
				SWIFT_VERSION = 5.0;
			};
			name = Debug;
		};
		34CF30BA2945C3FE00094BD4 /* Release */ = {
			isa = XCBuildConfiguration;
			buildSettings = {
				CODE_SIGN_STYLE = Automatic;
				DEVELOPMENT_TEAM = 2C7DZBMPU6;
				ENABLE_HARDENED_RUNTIME = YES;
				MACOSX_DEPLOYMENT_TARGET = 13.0;
				PRODUCT_NAME = "$(TARGET_NAME)";
				SWIFT_VERSION = 5.0;
			};
			name = Release;
		};
		34CF30CD2946FF5E00094BD4 /* Debug */ = {
			isa = XCBuildConfiguration;
			buildSettings = {
				CODE_SIGN_STYLE = Automatic;
				DEVELOPMENT_TEAM = 2C7DZBMPU6;
				ENABLE_HARDENED_RUNTIME = YES;
				MACOSX_DEPLOYMENT_TARGET = 13.0;
				PRODUCT_NAME = "$(TARGET_NAME)";
				SWIFT_VERSION = 5.0;
			};
			name = Debug;
		};
		34CF30CE2946FF5E00094BD4 /* Release */ = {
			isa = XCBuildConfiguration;
			buildSettings = {
				CODE_SIGN_STYLE = Automatic;
				DEVELOPMENT_TEAM = 2C7DZBMPU6;
				ENABLE_HARDENED_RUNTIME = YES;
				MACOSX_DEPLOYMENT_TARGET = 13.0;
				PRODUCT_NAME = "$(TARGET_NAME)";
				SWIFT_VERSION = 5.0;
			};
			name = Release;
		};
		34CF312A29483E6800094BD4 /* Debug */ = {
			isa = XCBuildConfiguration;
			buildSettings = {
				CODE_SIGN_STYLE = Automatic;
				DEVELOPMENT_TEAM = 2C7DZBMPU6;
				ENABLE_HARDENED_RUNTIME = YES;
				MACOSX_DEPLOYMENT_TARGET = 13.0;
				PRODUCT_NAME = "$(TARGET_NAME)";
				SWIFT_VERSION = 5.0;
			};
			name = Debug;
		};
		34CF312B29483E6800094BD4 /* Release */ = {
			isa = XCBuildConfiguration;
			buildSettings = {
				CODE_SIGN_STYLE = Automatic;
				DEVELOPMENT_TEAM = 2C7DZBMPU6;
				ENABLE_HARDENED_RUNTIME = YES;
				MACOSX_DEPLOYMENT_TARGET = 13.0;
				PRODUCT_NAME = "$(TARGET_NAME)";
				SWIFT_VERSION = 5.0;
			};
			name = Release;
		};
		34CF313A2949FCE700094BD4 /* Debug */ = {
			isa = XCBuildConfiguration;
			buildSettings = {
				CODE_SIGN_STYLE = Automatic;
				DEVELOPMENT_TEAM = 2C7DZBMPU6;
				ENABLE_HARDENED_RUNTIME = YES;
				MACOSX_DEPLOYMENT_TARGET = 13.0;
				PRODUCT_NAME = "$(TARGET_NAME)";
				SWIFT_VERSION = 5.0;
			};
			name = Debug;
		};
		34CF313B2949FCE700094BD4 /* Release */ = {
			isa = XCBuildConfiguration;
			buildSettings = {
				CODE_SIGN_STYLE = Automatic;
				DEVELOPMENT_TEAM = 2C7DZBMPU6;
				ENABLE_HARDENED_RUNTIME = YES;
				MACOSX_DEPLOYMENT_TARGET = 13.0;
				PRODUCT_NAME = "$(TARGET_NAME)";
				SWIFT_VERSION = 5.0;
			};
			name = Release;
		};
		34CF3142294C3A7700094BD4 /* Debug */ = {
			isa = XCBuildConfiguration;
			buildSettings = {
				CODE_SIGN_STYLE = Automatic;
				DEVELOPMENT_TEAM = 2C7DZBMPU6;
				PRODUCT_NAME = "$(TARGET_NAME)";
			};
			name = Debug;
		};
		34CF3143294C3A7700094BD4 /* Release */ = {
			isa = XCBuildConfiguration;
			buildSettings = {
				CODE_SIGN_STYLE = Automatic;
				DEVELOPMENT_TEAM = 2C7DZBMPU6;
				PRODUCT_NAME = "$(TARGET_NAME)";
			};
			name = Release;
		};
		34CF3170294D810600094BD4 /* Debug */ = {
			isa = XCBuildConfiguration;
			buildSettings = {
				CODE_SIGN_STYLE = Automatic;
				DEVELOPMENT_TEAM = 2C7DZBMPU6;
				ENABLE_HARDENED_RUNTIME = YES;
				MACOSX_DEPLOYMENT_TARGET = 13.0;
				PRODUCT_NAME = "$(TARGET_NAME)";
				SWIFT_VERSION = 5.0;
			};
			name = Debug;
		};
		34CF3171294D810600094BD4 /* Release */ = {
			isa = XCBuildConfiguration;
			buildSettings = {
				CODE_SIGN_STYLE = Automatic;
				DEVELOPMENT_TEAM = 2C7DZBMPU6;
				ENABLE_HARDENED_RUNTIME = YES;
				MACOSX_DEPLOYMENT_TARGET = 13.0;
				PRODUCT_NAME = "$(TARGET_NAME)";
				SWIFT_VERSION = 5.0;
			};
			name = Release;
		};
		34CF317E294EDBF100094BD4 /* Debug */ = {
			isa = XCBuildConfiguration;
			buildSettings = {
				CODE_SIGN_STYLE = Automatic;
				DEVELOPMENT_TEAM = 2C7DZBMPU6;
				ENABLE_HARDENED_RUNTIME = YES;
				MACOSX_DEPLOYMENT_TARGET = 13.0;
				PRODUCT_NAME = "$(TARGET_NAME)";
				SWIFT_VERSION = 5.0;
			};
			name = Debug;
		};
		34CF317F294EDBF100094BD4 /* Release */ = {
			isa = XCBuildConfiguration;
			buildSettings = {
				CODE_SIGN_STYLE = Automatic;
				DEVELOPMENT_TEAM = 2C7DZBMPU6;
				ENABLE_HARDENED_RUNTIME = YES;
				MACOSX_DEPLOYMENT_TARGET = 13.0;
				PRODUCT_NAME = "$(TARGET_NAME)";
				SWIFT_VERSION = 5.0;
			};
			name = Release;
		};
		34CF318E2952B55200094BD4 /* Debug */ = {
			isa = XCBuildConfiguration;
			buildSettings = {
				CODE_SIGN_STYLE = Automatic;
				DEVELOPMENT_TEAM = 2C7DZBMPU6;
				ENABLE_HARDENED_RUNTIME = YES;
				MACOSX_DEPLOYMENT_TARGET = 13.0;
				PRODUCT_NAME = "$(TARGET_NAME)";
				SWIFT_VERSION = 5.0;
			};
			name = Debug;
		};
		34CF318F2952B55200094BD4 /* Release */ = {
			isa = XCBuildConfiguration;
			buildSettings = {
				CODE_SIGN_STYLE = Automatic;
				DEVELOPMENT_TEAM = 2C7DZBMPU6;
				ENABLE_HARDENED_RUNTIME = YES;
				MACOSX_DEPLOYMENT_TARGET = 13.0;
				PRODUCT_NAME = "$(TARGET_NAME)";
				SWIFT_VERSION = 5.0;
			};
			name = Release;
		};
		34CF319F2955828000094BD4 /* Debug */ = {
			isa = XCBuildConfiguration;
			buildSettings = {
				CODE_SIGN_STYLE = Automatic;
				DEVELOPMENT_TEAM = 2C7DZBMPU6;
				ENABLE_HARDENED_RUNTIME = YES;
				MACOSX_DEPLOYMENT_TARGET = 13.0;
				PRODUCT_NAME = "$(TARGET_NAME)";
				SWIFT_VERSION = 5.0;
			};
			name = Debug;
		};
		34CF31A02955828000094BD4 /* Release */ = {
			isa = XCBuildConfiguration;
			buildSettings = {
				CODE_SIGN_STYLE = Automatic;
				DEVELOPMENT_TEAM = 2C7DZBMPU6;
				ENABLE_HARDENED_RUNTIME = YES;
				MACOSX_DEPLOYMENT_TARGET = 13.0;
				PRODUCT_NAME = "$(TARGET_NAME)";
				SWIFT_VERSION = 5.0;
			};
			name = Release;
		};
		34D092952942E3E200F29B05 /* Debug */ = {
			isa = XCBuildConfiguration;
			buildSettings = {
				CODE_SIGN_STYLE = Automatic;
				DEVELOPMENT_TEAM = 2C7DZBMPU6;
				ENABLE_HARDENED_RUNTIME = YES;
				PRODUCT_NAME = "$(TARGET_NAME)";
				SWIFT_VERSION = 5.0;
			};
			name = Debug;
		};
		34D092962942E3E200F29B05 /* Release */ = {
			isa = XCBuildConfiguration;
			buildSettings = {
				CODE_SIGN_STYLE = Automatic;
				DEVELOPMENT_TEAM = 2C7DZBMPU6;
				ENABLE_HARDENED_RUNTIME = YES;
				PRODUCT_NAME = "$(TARGET_NAME)";
				SWIFT_VERSION = 5.0;
			};
			name = Release;
		};
		34D092A22943D02600F29B05 /* Debug */ = {
			isa = XCBuildConfiguration;
			buildSettings = {
				CODE_SIGN_STYLE = Automatic;
				DEVELOPMENT_TEAM = 2C7DZBMPU6;
				ENABLE_HARDENED_RUNTIME = YES;
				PRODUCT_NAME = "$(TARGET_NAME)";
				SWIFT_VERSION = 5.0;
			};
			name = Debug;
		};
		34D092A32943D02600F29B05 /* Release */ = {
			isa = XCBuildConfiguration;
			buildSettings = {
				CODE_SIGN_STYLE = Automatic;
				DEVELOPMENT_TEAM = 2C7DZBMPU6;
				ENABLE_HARDENED_RUNTIME = YES;
				PRODUCT_NAME = "$(TARGET_NAME)";
				SWIFT_VERSION = 5.0;
			};
			name = Release;
		};
		34D092AF2943D51D00F29B05 /* Debug */ = {
			isa = XCBuildConfiguration;
			buildSettings = {
				CODE_SIGN_STYLE = Automatic;
				DEVELOPMENT_TEAM = 2C7DZBMPU6;
				ENABLE_HARDENED_RUNTIME = YES;
				PRODUCT_NAME = "$(TARGET_NAME)";
				SWIFT_VERSION = 5.0;
			};
			name = Debug;
		};
		34D092B02943D51D00F29B05 /* Release */ = {
			isa = XCBuildConfiguration;
			buildSettings = {
				CODE_SIGN_STYLE = Automatic;
				DEVELOPMENT_TEAM = 2C7DZBMPU6;
				ENABLE_HARDENED_RUNTIME = YES;
				PRODUCT_NAME = "$(TARGET_NAME)";
				SWIFT_VERSION = 5.0;
			};
			name = Release;
		};
		34D092BC2943E49100F29B05 /* Debug */ = {
			isa = XCBuildConfiguration;
			buildSettings = {
				CODE_SIGN_STYLE = Automatic;
				DEVELOPMENT_TEAM = 2C7DZBMPU6;
				ENABLE_HARDENED_RUNTIME = YES;
				PRODUCT_NAME = "$(TARGET_NAME)";
				SWIFT_VERSION = 5.0;
			};
			name = Debug;
		};
		34D092BD2943E49100F29B05 /* Release */ = {
			isa = XCBuildConfiguration;
			buildSettings = {
				CODE_SIGN_STYLE = Automatic;
				DEVELOPMENT_TEAM = 2C7DZBMPU6;
				ENABLE_HARDENED_RUNTIME = YES;
				PRODUCT_NAME = "$(TARGET_NAME)";
				SWIFT_VERSION = 5.0;
			};
			name = Release;
		};
		34D092C92943F67500F29B05 /* Debug */ = {
			isa = XCBuildConfiguration;
			buildSettings = {
				CODE_SIGN_STYLE = Automatic;
				DEVELOPMENT_TEAM = 2C7DZBMPU6;
				ENABLE_HARDENED_RUNTIME = YES;
				PRODUCT_NAME = "$(TARGET_NAME)";
				SWIFT_VERSION = 5.0;
			};
			name = Debug;
		};
		34D092CA2943F67500F29B05 /* Release */ = {
			isa = XCBuildConfiguration;
			buildSettings = {
				CODE_SIGN_STYLE = Automatic;
				DEVELOPMENT_TEAM = 2C7DZBMPU6;
				ENABLE_HARDENED_RUNTIME = YES;
				PRODUCT_NAME = "$(TARGET_NAME)";
				SWIFT_VERSION = 5.0;
			};
			name = Release;
		};
/* End XCBuildConfiguration section */

/* Begin XCConfigurationList section */
		34072D7529319D800030EB66 /* Build configuration list for PBXProject "AdventOfCode-2022" */ = {
			isa = XCConfigurationList;
			buildConfigurations = (
				34072D7F29319D800030EB66 /* Debug */,
				34072D8029319D800030EB66 /* Release */,
			);
			defaultConfigurationIsVisible = 0;
			defaultConfigurationName = Release;
		};
		34072D8C29319DB60030EB66 /* Build configuration list for PBXNativeTarget "day1" */ = {
			isa = XCConfigurationList;
			buildConfigurations = (
				34072D8D29319DB60030EB66 /* Debug */,
				34072D8E29319DB60030EB66 /* Release */,
			);
			defaultConfigurationIsVisible = 0;
			defaultConfigurationName = Release;
		};
		341C580A293303810049BEE8 /* Build configuration list for PBXNativeTarget "day2" */ = {
			isa = XCConfigurationList;
			buildConfigurations = (
				341C5808293303810049BEE8 /* Debug */,
				341C5809293303810049BEE8 /* Release */,
			);
			defaultConfigurationIsVisible = 0;
			defaultConfigurationName = Release;
		};
		347D2B642942C288008BB801 /* Build configuration list for PBXNativeTarget "day3" */ = {
			isa = XCConfigurationList;
			buildConfigurations = (
				347D2B622942C288008BB801 /* Debug */,
				347D2B632942C288008BB801 /* Release */,
			);
			defaultConfigurationIsVisible = 0;
			defaultConfigurationName = Release;
		};
		347D2B6F2942DB8A008BB801 /* Build configuration list for PBXNativeTarget "day4" */ = {
			isa = XCConfigurationList;
			buildConfigurations = (
				347D2B702942DB8A008BB801 /* Debug */,
				347D2B712942DB8A008BB801 /* Release */,
			);
			defaultConfigurationIsVisible = 0;
			defaultConfigurationName = Release;
		};
		349C97A529444C0F00E4E740 /* Build configuration list for PBXNativeTarget "day10" */ = {
			isa = XCConfigurationList;
			buildConfigurations = (
				349C97A329444C0F00E4E740 /* Debug */,
				349C97A429444C0F00E4E740 /* Release */,
			);
			defaultConfigurationIsVisible = 0;
			defaultConfigurationName = Release;
		};
		34CF30BB2945C3FE00094BD4 /* Build configuration list for PBXNativeTarget "day11" */ = {
			isa = XCConfigurationList;
			buildConfigurations = (
				34CF30B92945C3FE00094BD4 /* Debug */,
				34CF30BA2945C3FE00094BD4 /* Release */,
			);
			defaultConfigurationIsVisible = 0;
			defaultConfigurationName = Release;
		};
		34CF30CC2946FF5E00094BD4 /* Build configuration list for PBXNativeTarget "day12" */ = {
			isa = XCConfigurationList;
			buildConfigurations = (
				34CF30CD2946FF5E00094BD4 /* Debug */,
				34CF30CE2946FF5E00094BD4 /* Release */,
			);
			defaultConfigurationIsVisible = 0;
			defaultConfigurationName = Release;
		};
		34CF312C29483E6800094BD4 /* Build configuration list for PBXNativeTarget "day13" */ = {
			isa = XCConfigurationList;
			buildConfigurations = (
				34CF312A29483E6800094BD4 /* Debug */,
				34CF312B29483E6800094BD4 /* Release */,
			);
			defaultConfigurationIsVisible = 0;
			defaultConfigurationName = Release;
		};
		34CF31392949FCE700094BD4 /* Build configuration list for PBXNativeTarget "day14" */ = {
			isa = XCConfigurationList;
			buildConfigurations = (
				34CF313A2949FCE700094BD4 /* Debug */,
				34CF313B2949FCE700094BD4 /* Release */,
			);
			defaultConfigurationIsVisible = 0;
			defaultConfigurationName = Release;
		};
		34CF3141294C3A7700094BD4 /* Build configuration list for PBXAggregateTarget "All" */ = {
			isa = XCConfigurationList;
			buildConfigurations = (
				34CF3142294C3A7700094BD4 /* Debug */,
				34CF3143294C3A7700094BD4 /* Release */,
			);
			defaultConfigurationIsVisible = 0;
			defaultConfigurationName = Release;
		};
		34CF316F294D810600094BD4 /* Build configuration list for PBXNativeTarget "day15" */ = {
			isa = XCConfigurationList;
			buildConfigurations = (
				34CF3170294D810600094BD4 /* Debug */,
				34CF3171294D810600094BD4 /* Release */,
			);
			defaultConfigurationIsVisible = 0;
			defaultConfigurationName = Release;
		};
		34CF317D294EDBF100094BD4 /* Build configuration list for PBXNativeTarget "day16" */ = {
			isa = XCConfigurationList;
			buildConfigurations = (
				34CF317E294EDBF100094BD4 /* Debug */,
				34CF317F294EDBF100094BD4 /* Release */,
			);
			defaultConfigurationIsVisible = 0;
			defaultConfigurationName = Release;
		};
		34CF318D2952B55200094BD4 /* Build configuration list for PBXNativeTarget "day17" */ = {
			isa = XCConfigurationList;
			buildConfigurations = (
				34CF318E2952B55200094BD4 /* Debug */,
				34CF318F2952B55200094BD4 /* Release */,
			);
			defaultConfigurationIsVisible = 0;
			defaultConfigurationName = Release;
		};
		34CF319E2955828000094BD4 /* Build configuration list for PBXNativeTarget "day18" */ = {
			isa = XCConfigurationList;
			buildConfigurations = (
				34CF319F2955828000094BD4 /* Debug */,
				34CF31A02955828000094BD4 /* Release */,
			);
			defaultConfigurationIsVisible = 0;
			defaultConfigurationName = Release;
		};
		34D092942942E3E200F29B05 /* Build configuration list for PBXNativeTarget "day5" */ = {
			isa = XCConfigurationList;
			buildConfigurations = (
				34D092952942E3E200F29B05 /* Debug */,
				34D092962942E3E200F29B05 /* Release */,
			);
			defaultConfigurationIsVisible = 0;
			defaultConfigurationName = Release;
		};
		34D092A12943D02600F29B05 /* Build configuration list for PBXNativeTarget "day6" */ = {
			isa = XCConfigurationList;
			buildConfigurations = (
				34D092A22943D02600F29B05 /* Debug */,
				34D092A32943D02600F29B05 /* Release */,
			);
			defaultConfigurationIsVisible = 0;
			defaultConfigurationName = Release;
		};
		34D092AE2943D51D00F29B05 /* Build configuration list for PBXNativeTarget "day7" */ = {
			isa = XCConfigurationList;
			buildConfigurations = (
				34D092AF2943D51D00F29B05 /* Debug */,
				34D092B02943D51D00F29B05 /* Release */,
			);
			defaultConfigurationIsVisible = 0;
			defaultConfigurationName = Release;
		};
		34D092BB2943E49100F29B05 /* Build configuration list for PBXNativeTarget "day8" */ = {
			isa = XCConfigurationList;
			buildConfigurations = (
				34D092BC2943E49100F29B05 /* Debug */,
				34D092BD2943E49100F29B05 /* Release */,
			);
			defaultConfigurationIsVisible = 0;
			defaultConfigurationName = Release;
		};
		34D092C82943F67500F29B05 /* Build configuration list for PBXNativeTarget "day9" */ = {
			isa = XCConfigurationList;
			buildConfigurations = (
				34D092C92943F67500F29B05 /* Debug */,
				34D092CA2943F67500F29B05 /* Release */,
			);
			defaultConfigurationIsVisible = 0;
			defaultConfigurationName = Release;
		};
/* End XCConfigurationList section */

/* Begin XCRemoteSwiftPackageReference section */
		34CF3182295070CD00094BD4 /* XCRemoteSwiftPackageReference "swift-algorithms" */ = {
			isa = XCRemoteSwiftPackageReference;
			repositoryURL = "https://github.com/apple/swift-algorithms.git";
			requirement = {
				kind = upToNextMajorVersion;
				minimumVersion = 1.0.0;
			};
		};
/* End XCRemoteSwiftPackageReference section */

/* Begin XCSwiftPackageProductDependency section */
		34CF3183295070CD00094BD4 /* Algorithms */ = {
			isa = XCSwiftPackageProductDependency;
			package = 34CF3182295070CD00094BD4 /* XCRemoteSwiftPackageReference "swift-algorithms" */;
			productName = Algorithms;
		};
/* End XCSwiftPackageProductDependency section */
	};
	rootObject = 34072D7229319D800030EB66 /* Project object */;
}
